
Microsoft Visual Studio Solution File, Format Version 12.00
# Visual Studio 15
VisualStudioVersion = 15.0.28307.1062
MinimumVisualStudioVersion = 10.0.40219.1
Project("{8BC9CEB8-8B4A-11D0-8D11-00A0C91BC942}") = "Max_element_predicate", "Max_element_predicate\Max_element_predicate.vcxproj", "{6C82E416-18EA-4DB7-A91B-9AC66F6A103F}"
EndProject
Project("{2150E333-8FDC-42A3-9474-1A3956D46DE8}") = "Week1", "Week1", "{87667776-165A-4633-9684-1173EB301907}"
EndProject
Project("{8BC9CEB8-8B4A-11D0-8D11-00A0C91BC942}") = "Macros", "Macros\Macros.vcxproj", "{C988B523-B5D9-4F21-AD08-14237BA863A0}"
EndProject
Project("{8BC9CEB8-8B4A-11D0-8D11-00A0C91BC942}") = "LogMacros", "LogMacros\LogMacros.vcxproj", "{1C978B40-EACD-45C7-BC87-1009B1F61BD8}"
EndProject
Project("{8BC9CEB8-8B4A-11D0-8D11-00A0C91BC942}") = "SortTicketsMacros", "SortTicketsMacros\SortTicketsMacros.vcxproj", "{A727ED97-5AEE-483C-8392-89EEF41CB39B}"
EndProject
Project("{8BC9CEB8-8B4A-11D0-8D11-00A0C91BC942}") = "Update_field", "Update_field\Update_field.vcxproj", "{872494C3-3FBF-45F4-99E9-CFACF984B81D}"
EndProject
Project("{8BC9CEB8-8B4A-11D0-8D11-00A0C91BC942}") = "print_values", "print_values\print_values.vcxproj", "{B865E191-6C02-4DDD-9F78-D7B77276AA66}"
EndProject
Project("{8BC9CEB8-8B4A-11D0-8D11-00A0C91BC942}") = "uniq_id", "uniq_id\uniq_id.vcxproj", "{F85E782A-F5CB-4053-B9A6-F0E06A4C0D11}"
EndProject
Project("{8BC9CEB8-8B4A-11D0-8D11-00A0C91BC942}") = "Table", "Table\Table.vcxproj", "{ACBF666E-2CCA-4DEE-9144-3B35FD1AA487}"
EndProject
Project("{8BC9CEB8-8B4A-11D0-8D11-00A0C91BC942}") = "Deque", "Deque\Deque.vcxproj", "{F8BE5F5C-DB4B-434F-9F3A-72ABEE79D839}"
EndProject
Project("{8BC9CEB8-8B4A-11D0-8D11-00A0C91BC942}") = "DequeTest", "DequeTest\DequeTest.vcxproj", "{47C162C2-0A32-4BB3-8F33-C787F3CDE5C2}"
EndProject
Project("{8BC9CEB8-8B4A-11D0-8D11-00A0C91BC942}") = "Paginator", "Paginator\Paginator.vcxproj", "{BEB85CEC-8C53-440A-A05A-9043D0610907}"
EndProject
Project("{8BC9CEB8-8B4A-11D0-8D11-00A0C91BC942}") = "ClassTemplate", "ClassTemplate\ClassTemplate.vcxproj", "{88BFDEAF-8469-4527-946F-C1BC4A253537}"
EndProject
Project("{2150E333-8FDC-42A3-9474-1A3956D46DE8}") = "Week2", "Week2", "{6D5FAE86-32B4-4EFE-81AD-E19FE4FE3DEE}"
EndProject
Project("{8BC9CEB8-8B4A-11D0-8D11-00A0C91BC942}") = "Sort_students", "Sort_students\Sort_students.vcxproj", "{115CA07D-11CE-4EDF-822C-F9117E75C5FD}"
EndProject
Project("{8BC9CEB8-8B4A-11D0-8D11-00A0C91BC942}") = "Learner", "Learner\Learner.vcxproj", "{47D1C21E-470C-459C-9F4E-D583866D33EF}"
EndProject
Global
	GlobalSection(SolutionConfigurationPlatforms) = preSolution
		Debug|x64 = Debug|x64
		Debug|x86 = Debug|x86
		Release|x64 = Release|x64
		Release|x86 = Release|x86
	EndGlobalSection
	GlobalSection(ProjectConfigurationPlatforms) = postSolution
		{6C82E416-18EA-4DB7-A91B-9AC66F6A103F}.Debug|x64.ActiveCfg = Debug|x64
		{6C82E416-18EA-4DB7-A91B-9AC66F6A103F}.Debug|x64.Build.0 = Debug|x64
		{6C82E416-18EA-4DB7-A91B-9AC66F6A103F}.Debug|x86.ActiveCfg = Debug|Win32
		{6C82E416-18EA-4DB7-A91B-9AC66F6A103F}.Debug|x86.Build.0 = Debug|Win32
		{6C82E416-18EA-4DB7-A91B-9AC66F6A103F}.Release|x64.ActiveCfg = Release|x64
		{6C82E416-18EA-4DB7-A91B-9AC66F6A103F}.Release|x64.Build.0 = Release|x64
		{6C82E416-18EA-4DB7-A91B-9AC66F6A103F}.Release|x86.ActiveCfg = Release|Win32
		{6C82E416-18EA-4DB7-A91B-9AC66F6A103F}.Release|x86.Build.0 = Release|Win32
		{C988B523-B5D9-4F21-AD08-14237BA863A0}.Debug|x64.ActiveCfg = Debug|x64
		{C988B523-B5D9-4F21-AD08-14237BA863A0}.Debug|x64.Build.0 = Debug|x64
		{C988B523-B5D9-4F21-AD08-14237BA863A0}.Debug|x86.ActiveCfg = Debug|Win32
		{C988B523-B5D9-4F21-AD08-14237BA863A0}.Debug|x86.Build.0 = Debug|Win32
		{C988B523-B5D9-4F21-AD08-14237BA863A0}.Release|x64.ActiveCfg = Release|x64
		{C988B523-B5D9-4F21-AD08-14237BA863A0}.Release|x64.Build.0 = Release|x64
		{C988B523-B5D9-4F21-AD08-14237BA863A0}.Release|x86.ActiveCfg = Release|Win32
		{C988B523-B5D9-4F21-AD08-14237BA863A0}.Release|x86.Build.0 = Release|Win32
		{1C978B40-EACD-45C7-BC87-1009B1F61BD8}.Debug|x64.ActiveCfg = Debug|x64
		{1C978B40-EACD-45C7-BC87-1009B1F61BD8}.Debug|x64.Build.0 = Debug|x64
		{1C978B40-EACD-45C7-BC87-1009B1F61BD8}.Debug|x86.ActiveCfg = Debug|Win32
		{1C978B40-EACD-45C7-BC87-1009B1F61BD8}.Debug|x86.Build.0 = Debug|Win32
		{1C978B40-EACD-45C7-BC87-1009B1F61BD8}.Release|x64.ActiveCfg = Release|x64
		{1C978B40-EACD-45C7-BC87-1009B1F61BD8}.Release|x64.Build.0 = Release|x64
		{1C978B40-EACD-45C7-BC87-1009B1F61BD8}.Release|x86.ActiveCfg = Release|Win32
		{1C978B40-EACD-45C7-BC87-1009B1F61BD8}.Release|x86.Build.0 = Release|Win32
		{A727ED97-5AEE-483C-8392-89EEF41CB39B}.Debug|x64.ActiveCfg = Debug|x64
		{A727ED97-5AEE-483C-8392-89EEF41CB39B}.Debug|x64.Build.0 = Debug|x64
		{A727ED97-5AEE-483C-8392-89EEF41CB39B}.Debug|x86.ActiveCfg = Debug|Win32
		{A727ED97-5AEE-483C-8392-89EEF41CB39B}.Debug|x86.Build.0 = Debug|Win32
		{A727ED97-5AEE-483C-8392-89EEF41CB39B}.Release|x64.ActiveCfg = Release|x64
		{A727ED97-5AEE-483C-8392-89EEF41CB39B}.Release|x64.Build.0 = Release|x64
		{A727ED97-5AEE-483C-8392-89EEF41CB39B}.Release|x86.ActiveCfg = Release|Win32
		{A727ED97-5AEE-483C-8392-89EEF41CB39B}.Release|x86.Build.0 = Release|Win32
		{872494C3-3FBF-45F4-99E9-CFACF984B81D}.Debug|x64.ActiveCfg = Debug|x64
		{872494C3-3FBF-45F4-99E9-CFACF984B81D}.Debug|x64.Build.0 = Debug|x64
		{872494C3-3FBF-45F4-99E9-CFACF984B81D}.Debug|x86.ActiveCfg = Debug|Win32
		{872494C3-3FBF-45F4-99E9-CFACF984B81D}.Debug|x86.Build.0 = Debug|Win32
		{872494C3-3FBF-45F4-99E9-CFACF984B81D}.Release|x64.ActiveCfg = Release|x64
		{872494C3-3FBF-45F4-99E9-CFACF984B81D}.Release|x64.Build.0 = Release|x64
		{872494C3-3FBF-45F4-99E9-CFACF984B81D}.Release|x86.ActiveCfg = Release|Win32
		{872494C3-3FBF-45F4-99E9-CFACF984B81D}.Release|x86.Build.0 = Release|Win32
		{B865E191-6C02-4DDD-9F78-D7B77276AA66}.Debug|x64.ActiveCfg = Debug|x64
		{B865E191-6C02-4DDD-9F78-D7B77276AA66}.Debug|x64.Build.0 = Debug|x64
		{B865E191-6C02-4DDD-9F78-D7B77276AA66}.Debug|x86.ActiveCfg = Debug|Win32
		{B865E191-6C02-4DDD-9F78-D7B77276AA66}.Debug|x86.Build.0 = Debug|Win32
		{B865E191-6C02-4DDD-9F78-D7B77276AA66}.Release|x64.ActiveCfg = Release|x64
		{B865E191-6C02-4DDD-9F78-D7B77276AA66}.Release|x64.Build.0 = Release|x64
		{B865E191-6C02-4DDD-9F78-D7B77276AA66}.Release|x86.ActiveCfg = Release|Win32
		{B865E191-6C02-4DDD-9F78-D7B77276AA66}.Release|x86.Build.0 = Release|Win32
		{F85E782A-F5CB-4053-B9A6-F0E06A4C0D11}.Debug|x64.ActiveCfg = Debug|x64
		{F85E782A-F5CB-4053-B9A6-F0E06A4C0D11}.Debug|x64.Build.0 = Debug|x64
		{F85E782A-F5CB-4053-B9A6-F0E06A4C0D11}.Debug|x86.ActiveCfg = Debug|Win32
		{F85E782A-F5CB-4053-B9A6-F0E06A4C0D11}.Debug|x86.Build.0 = Debug|Win32
		{F85E782A-F5CB-4053-B9A6-F0E06A4C0D11}.Release|x64.ActiveCfg = Release|x64
		{F85E782A-F5CB-4053-B9A6-F0E06A4C0D11}.Release|x64.Build.0 = Release|x64
		{F85E782A-F5CB-4053-B9A6-F0E06A4C0D11}.Release|x86.ActiveCfg = Release|Win32
		{F85E782A-F5CB-4053-B9A6-F0E06A4C0D11}.Release|x86.Build.0 = Release|Win32
		{ACBF666E-2CCA-4DEE-9144-3B35FD1AA487}.Debug|x64.ActiveCfg = Debug|x64
		{ACBF666E-2CCA-4DEE-9144-3B35FD1AA487}.Debug|x64.Build.0 = Debug|x64
		{ACBF666E-2CCA-4DEE-9144-3B35FD1AA487}.Debug|x86.ActiveCfg = Debug|Win32
		{ACBF666E-2CCA-4DEE-9144-3B35FD1AA487}.Debug|x86.Build.0 = Debug|Win32
		{ACBF666E-2CCA-4DEE-9144-3B35FD1AA487}.Release|x64.ActiveCfg = Release|x64
		{ACBF666E-2CCA-4DEE-9144-3B35FD1AA487}.Release|x64.Build.0 = Release|x64
		{ACBF666E-2CCA-4DEE-9144-3B35FD1AA487}.Release|x86.ActiveCfg = Release|Win32
		{ACBF666E-2CCA-4DEE-9144-3B35FD1AA487}.Release|x86.Build.0 = Release|Win32
		{F8BE5F5C-DB4B-434F-9F3A-72ABEE79D839}.Debug|x64.ActiveCfg = Debug|x64
		{F8BE5F5C-DB4B-434F-9F3A-72ABEE79D839}.Debug|x64.Build.0 = Debug|x64
		{F8BE5F5C-DB4B-434F-9F3A-72ABEE79D839}.Debug|x86.ActiveCfg = Debug|Win32
		{F8BE5F5C-DB4B-434F-9F3A-72ABEE79D839}.Debug|x86.Build.0 = Debug|Win32
		{F8BE5F5C-DB4B-434F-9F3A-72ABEE79D839}.Release|x64.ActiveCfg = Release|x64
		{F8BE5F5C-DB4B-434F-9F3A-72ABEE79D839}.Release|x64.Build.0 = Release|x64
		{F8BE5F5C-DB4B-434F-9F3A-72ABEE79D839}.Release|x86.ActiveCfg = Release|Win32
		{F8BE5F5C-DB4B-434F-9F3A-72ABEE79D839}.Release|x86.Build.0 = Release|Win32
		{47C162C2-0A32-4BB3-8F33-C787F3CDE5C2}.Debug|x64.ActiveCfg = Debug|x64
		{47C162C2-0A32-4BB3-8F33-C787F3CDE5C2}.Debug|x64.Build.0 = Debug|x64
		{47C162C2-0A32-4BB3-8F33-C787F3CDE5C2}.Debug|x86.ActiveCfg = Debug|Win32
		{47C162C2-0A32-4BB3-8F33-C787F3CDE5C2}.Debug|x86.Build.0 = Debug|Win32
		{47C162C2-0A32-4BB3-8F33-C787F3CDE5C2}.Release|x64.ActiveCfg = Release|x64
		{47C162C2-0A32-4BB3-8F33-C787F3CDE5C2}.Release|x64.Build.0 = Release|x64
		{47C162C2-0A32-4BB3-8F33-C787F3CDE5C2}.Release|x86.ActiveCfg = Release|Win32
		{47C162C2-0A32-4BB3-8F33-C787F3CDE5C2}.Release|x86.Build.0 = Release|Win32
		{BEB85CEC-8C53-440A-A05A-9043D0610907}.Debug|x64.ActiveCfg = Debug|x64
		{BEB85CEC-8C53-440A-A05A-9043D0610907}.Debug|x64.Build.0 = Debug|x64
		{BEB85CEC-8C53-440A-A05A-9043D0610907}.Debug|x86.ActiveCfg = Debug|Win32
		{BEB85CEC-8C53-440A-A05A-9043D0610907}.Debug|x86.Build.0 = Debug|Win32
		{BEB85CEC-8C53-440A-A05A-9043D0610907}.Release|x64.ActiveCfg = Release|x64
		{BEB85CEC-8C53-440A-A05A-9043D0610907}.Release|x64.Build.0 = Release|x64
		{BEB85CEC-8C53-440A-A05A-9043D0610907}.Release|x86.ActiveCfg = Release|Win32
		{BEB85CEC-8C53-440A-A05A-9043D0610907}.Release|x86.Build.0 = Release|Win32
		{88BFDEAF-8469-4527-946F-C1BC4A253537}.Debug|x64.ActiveCfg = Debug|x64
		{88BFDEAF-8469-4527-946F-C1BC4A253537}.Debug|x64.Build.0 = Debug|x64
		{88BFDEAF-8469-4527-946F-C1BC4A253537}.Debug|x86.ActiveCfg = Debug|Win32
		{88BFDEAF-8469-4527-946F-C1BC4A253537}.Debug|x86.Build.0 = Debug|Win32
		{88BFDEAF-8469-4527-946F-C1BC4A253537}.Release|x64.ActiveCfg = Release|x64
		{88BFDEAF-8469-4527-946F-C1BC4A253537}.Release|x64.Build.0 = Release|x64
		{88BFDEAF-8469-4527-946F-C1BC4A253537}.Release|x86.ActiveCfg = Release|Win32
		{88BFDEAF-8469-4527-946F-C1BC4A253537}.Release|x86.Build.0 = Release|Win32
		{115CA07D-11CE-4EDF-822C-F9117E75C5FD}.Debug|x64.ActiveCfg = Debug|x64
		{115CA07D-11CE-4EDF-822C-F9117E75C5FD}.Debug|x64.Build.0 = Debug|x64
		{115CA07D-11CE-4EDF-822C-F9117E75C5FD}.Debug|x86.ActiveCfg = Debug|Win32
		{115CA07D-11CE-4EDF-822C-F9117E75C5FD}.Debug|x86.Build.0 = Debug|Win32
		{115CA07D-11CE-4EDF-822C-F9117E75C5FD}.Release|x64.ActiveCfg = Release|x64
		{115CA07D-11CE-4EDF-822C-F9117E75C5FD}.Release|x64.Build.0 = Release|x64
		{115CA07D-11CE-4EDF-822C-F9117E75C5FD}.Release|x86.ActiveCfg = Release|Win32
		{115CA07D-11CE-4EDF-822C-F9117E75C5FD}.Release|x86.Build.0 = Release|Win32
		{47D1C21E-470C-459C-9F4E-D583866D33EF}.Debug|x64.ActiveCfg = Debug|x64
		{47D1C21E-470C-459C-9F4E-D583866D33EF}.Debug|x64.Build.0 = Debug|x64
		{47D1C21E-470C-459C-9F4E-D583866D33EF}.Debug|x86.ActiveCfg = Debug|Win32
		{47D1C21E-470C-459C-9F4E-D583866D33EF}.Debug|x86.Build.0 = Debug|Win32
		{47D1C21E-470C-459C-9F4E-D583866D33EF}.Release|x64.ActiveCfg = Release|x64
		{47D1C21E-470C-459C-9F4E-D583866D33EF}.Release|x64.Build.0 = Release|x64
		{47D1C21E-470C-459C-9F4E-D583866D33EF}.Release|x86.ActiveCfg = Release|Win32
		{47D1C21E-470C-459C-9F4E-D583866D33EF}.Release|x86.Build.0 = Release|Win32
	EndGlobalSection
	GlobalSection(SolutionProperties) = preSolution
		HideSolutionNode = FALSE
	EndGlobalSection
	GlobalSection(NestedProjects) = preSolution
		{C988B523-B5D9-4F21-AD08-14237BA863A0} = {87667776-165A-4633-9684-1173EB301907}
		{1C978B40-EACD-45C7-BC87-1009B1F61BD8} = {87667776-165A-4633-9684-1173EB301907}
		{A727ED97-5AEE-483C-8392-89EEF41CB39B} = {87667776-165A-4633-9684-1173EB301907}
		{872494C3-3FBF-45F4-99E9-CFACF984B81D} = {87667776-165A-4633-9684-1173EB301907}
		{B865E191-6C02-4DDD-9F78-D7B77276AA66} = {87667776-165A-4633-9684-1173EB301907}
		{F85E782A-F5CB-4053-B9A6-F0E06A4C0D11} = {87667776-165A-4633-9684-1173EB301907}
		{ACBF666E-2CCA-4DEE-9144-3B35FD1AA487} = {87667776-165A-4633-9684-1173EB301907}
		{F8BE5F5C-DB4B-434F-9F3A-72ABEE79D839} = {87667776-165A-4633-9684-1173EB301907}
		{BEB85CEC-8C53-440A-A05A-9043D0610907} = {87667776-165A-4633-9684-1173EB301907}
		{115CA07D-11CE-4EDF-822C-F9117E75C5FD} = {6D5FAE86-32B4-4EFE-81AD-E19FE4FE3DEE}
		{47D1C21E-470C-459C-9F4E-D583866D33EF} = {6D5FAE86-32B4-4EFE-81AD-E19FE4FE3DEE}
	EndGlobalSection
	GlobalSection(ExtensibilityGlobals) = postSolution
		SolutionGuid = {CE199877-B9DC-463C-9BD1-96634082C837}
	EndGlobalSection
EndGlobal
