
Microsoft Visual Studio Solution File, Format Version 12.00
# Visual Studio 15
VisualStudioVersion = 15.0.28307.1062
MinimumVisualStudioVersion = 10.0.40219.1
Project("{8BC9CEB8-8B4A-11D0-8D11-00A0C91BC942}") = "Max_element_predicate", "Max_element_predicate\Max_element_predicate.vcxproj", "{6C82E416-18EA-4DB7-A91B-9AC66F6A103F}"
EndProject
Project("{2150E333-8FDC-42A3-9474-1A3956D46DE8}") = "Week1", "Week1", "{87667776-165A-4633-9684-1173EB301907}"
EndProject
Project("{8BC9CEB8-8B4A-11D0-8D11-00A0C91BC942}") = "Macros", "Macros\Macros.vcxproj", "{C988B523-B5D9-4F21-AD08-14237BA863A0}"
EndProject
Project("{8BC9CEB8-8B4A-11D0-8D11-00A0C91BC942}") = "LogMacros", "LogMacros\LogMacros.vcxproj", "{1C978B40-EACD-45C7-BC87-1009B1F61BD8}"
EndProject
Project("{8BC9CEB8-8B4A-11D0-8D11-00A0C91BC942}") = "SortTicketsMacros", "SortTicketsMacros\SortTicketsMacros.vcxproj", "{A727ED97-5AEE-483C-8392-89EEF41CB39B}"
EndProject
Project("{8BC9CEB8-8B4A-11D0-8D11-00A0C91BC942}") = "Update_field", "Update_field\Update_field.vcxproj", "{872494C3-3FBF-45F4-99E9-CFACF984B81D}"
EndProject
Project("{8BC9CEB8-8B4A-11D0-8D11-00A0C91BC942}") = "print_values", "print_values\print_values.vcxproj", "{B865E191-6C02-4DDD-9F78-D7B77276AA66}"
EndProject
Project("{8BC9CEB8-8B4A-11D0-8D11-00A0C91BC942}") = "uniq_id", "uniq_id\uniq_id.vcxproj", "{F85E782A-F5CB-4053-B9A6-F0E06A4C0D11}"
EndProject
Project("{8BC9CEB8-8B4A-11D0-8D11-00A0C91BC942}") = "Table", "Table\Table.vcxproj", "{ACBF666E-2CCA-4DEE-9144-3B35FD1AA487}"
EndProject
Project("{8BC9CEB8-8B4A-11D0-8D11-00A0C91BC942}") = "Deque", "Deque\Deque.vcxproj", "{F8BE5F5C-DB4B-434F-9F3A-72ABEE79D839}"
EndProject
Project("{8BC9CEB8-8B4A-11D0-8D11-00A0C91BC942}") = "Paginator", "Paginator\Paginator.vcxproj", "{BEB85CEC-8C53-440A-A05A-9043D0610907}"
EndProject
Project("{8BC9CEB8-8B4A-11D0-8D11-00A0C91BC942}") = "ClassTemplate", "ClassTemplate\ClassTemplate.vcxproj", "{88BFDEAF-8469-4527-946F-C1BC4A253537}"
EndProject
Project("{2150E333-8FDC-42A3-9474-1A3956D46DE8}") = "Week2", "Week2", "{6D5FAE86-32B4-4EFE-81AD-E19FE4FE3DEE}"
EndProject
Project("{8BC9CEB8-8B4A-11D0-8D11-00A0C91BC942}") = "Sort_students", "Sort_students\Sort_students.vcxproj", "{115CA07D-11CE-4EDF-822C-F9117E75C5FD}"
EndProject
Project("{8BC9CEB8-8B4A-11D0-8D11-00A0C91BC942}") = "Learner", "Learner\Learner.vcxproj", "{47D1C21E-470C-459C-9F4E-D583866D33EF}"
EndProject
Project("{8BC9CEB8-8B4A-11D0-8D11-00A0C91BC942}") = "Expresses", "Slow\Slow.vcxproj", "{BB1C9351-00E7-4736-97CF-5C27D6F9D36C}"
EndProject
Project("{8BC9CEB8-8B4A-11D0-8D11-00A0C91BC942}") = "MyEBook", "EBook\EBook.vcxproj", "{117A0405-FDBB-40C1-B3A3-B5648F565934}"
EndProject
Project("{8BC9CEB8-8B4A-11D0-8D11-00A0C91BC942}") = "EBook_slow", "EBook_slow\EBook_slow.vcxproj", "{DF1AFED5-E2A9-45A3-B14B-E9655FD4E8F3}"
EndProject
Project("{8BC9CEB8-8B4A-11D0-8D11-00A0C91BC942}") = "EBook_author", "EBook_author\EBook_author.vcxproj", "{88840A2B-4CEC-44B3-9EEC-4AC5501A81A7}"
EndProject
Project("{8BC9CEB8-8B4A-11D0-8D11-00A0C91BC942}") = "BookingMachine", "BookingMachine\BookingMachine.vcxproj", "{700969E9-5A62-480F-B6D2-7A5660622D34}"
EndProject
Project("{8BC9CEB8-8B4A-11D0-8D11-00A0C91BC942}") = "HotelManager", "HotelManager\HotelManager.vcxproj", "{445EC24E-951A-408B-9CE5-6617F828B3C9}"
EndProject
Project("{2150E333-8FDC-42A3-9474-1A3956D46DE8}") = "Week3", "Week3", "{B14A6681-C0DB-4632-BAC7-609C57806F32}"
EndProject
Project("{8BC9CEB8-8B4A-11D0-8D11-00A0C91BC942}") = "Object_pool", "Object_pool\Object_pool.vcxproj", "{49BEA9E7-62E6-4202-9C29-D071D28BA0FF}"
EndProject
Project("{8BC9CEB8-8B4A-11D0-8D11-00A0C91BC942}") = "Object_pool_author", "Object_pool_author\Object_pool_author.vcxproj", "{EE711BE5-B2AA-479E-9DBD-6DEC4AA45569}"
EndProject
Project("{8BC9CEB8-8B4A-11D0-8D11-00A0C91BC942}") = "Swap_sort_copy", "Swap_sort_copy\Swap_sort_copy.vcxproj", "{E31957A7-D6D6-4050-BFDB-843D33A9EB67}"
EndProject
Project("{8BC9CEB8-8B4A-11D0-8D11-00A0C91BC942}") = "Swap_sort_copy_author", "Swap_sort_copy_author\Swap_sort_copy_author.vcxproj", "{75499D0A-E79E-4321-B720-8B29E44B1DAF}"
EndProject
Project("{8BC9CEB8-8B4A-11D0-8D11-00A0C91BC942}") = "Simple_vector", "simple_vector\simple_vector.vcxproj", "{7B718AE9-C177-4FFB-91E7-E90F8EAEC781}"
EndProject
Project("{8BC9CEB8-8B4A-11D0-8D11-00A0C91BC942}") = "Simple_vector_author", "Simple_vector_author\Simple_vector_author.vcxproj", "{E09A35D5-D9F1-4F96-82CC-E5265B21FF02}"
EndProject
Project("{8BC9CEB8-8B4A-11D0-8D11-00A0C91BC942}") = "Linked_list", "Linked_list\Linked_list.vcxproj", "{E0F86EEA-9114-4883-B9E9-8B55A169F678}"
EndProject
Project("{8BC9CEB8-8B4A-11D0-8D11-00A0C91BC942}") = "Linked_list_author", "Linked_list_author\Linked_list_author.vcxproj", "{6CBB0A4C-F6B8-4099-9F96-FA50D131DD67}"
EndProject
Project("{2150E333-8FDC-42A3-9474-1A3956D46DE8}") = "Week4", "Week4", "{7E9ECFA7-6525-4E9B-AD89-2EA0E35BC5F6}"
EndProject
Project("{8BC9CEB8-8B4A-11D0-8D11-00A0C91BC942}") = "Sportsmen", "Sportsmen\Sportsmen.vcxproj", "{2B413D3B-B79A-4BAE-956F-02BAC98985E8}"
EndProject
Project("{8BC9CEB8-8B4A-11D0-8D11-00A0C91BC942}") = "StackVector", "StackVector\StackVector.vcxproj", "{8CF8AE5C-7BAB-4F41-9AFB-F27ED74B60A9}"
EndProject
Project("{8BC9CEB8-8B4A-11D0-8D11-00A0C91BC942}") = "Translator", "Translator\Translator.vcxproj", "{4CB75A94-F2B6-44F2-B06F-77271C95364F}"
EndProject
Project("{8BC9CEB8-8B4A-11D0-8D11-00A0C91BC942}") = "Translator_author", "Translator_author\Translator_author.vcxproj", "{67092EDC-241E-45E0-A16F-4798D54B183A}"
EndProject
Project("{8BC9CEB8-8B4A-11D0-8D11-00A0C91BC942}") = "AirportCounter", "AirportCounter\AirportCounter.vcxproj", "{D199429A-CD88-4765-B6BF-03DBD3B16D20}"
EndProject
Project("{8BC9CEB8-8B4A-11D0-8D11-00A0C91BC942}") = "Text_editor", "Text_editor\Text_editor.vcxproj", "{049BEF57-E105-4315-8A6C-6A019C28B703}"
EndProject
Project("{8BC9CEB8-8B4A-11D0-8D11-00A0C91BC942}") = "Text_editor_author", "Text_editor_author\Text_editor_author.vcxproj", "{EEF9F9AC-D6EB-40CE-B3B9-063431118D50}"
EndProject
Project("{8BC9CEB8-8B4A-11D0-8D11-00A0C91BC942}") = "Server_stats", "Server_stats\Server_stats.vcxproj", "{C5DAF293-AD2D-4B79-BD8A-99C94C969DC6}"
EndProject
Project("{8BC9CEB8-8B4A-11D0-8D11-00A0C91BC942}") = "Server_stats_author", "Server_stats_author\Server_stats_author.vcxproj", "{4552156B-4208-4463-A970-7943BD82051C}"
EndProject
Project("{2150E333-8FDC-42A3-9474-1A3956D46DE8}") = "Week5", "Week5", "{25512FB5-3998-4861-B642-64899FA7998C}"
EndProject
Project("{8BC9CEB8-8B4A-11D0-8D11-00A0C91BC942}") = "josephus_permutation", "josephus_permutation\josephus_permutation.vcxproj", "{A0957BE9-9C56-452F-96A0-B7F5E8DF205E}"
EndProject
Project("{8BC9CEB8-8B4A-11D0-8D11-00A0C91BC942}") = "Josephus_permutation_author", "Josephus_permutation_author\Josephus_permutation_author.vcxproj", "{B7F2D7DE-A986-4368-9095-3BBF7001380F}"
EndProject
Project("{8BC9CEB8-8B4A-11D0-8D11-00A0C91BC942}") = "Group_heavy_strings", "Group_heavy_strings\Group_heavy_strings.vcxproj", "{C2290325-8FAB-4E53-93B9-3163CA7D89D5}"
EndProject
Project("{8BC9CEB8-8B4A-11D0-8D11-00A0C91BC942}") = "Simple_vector_copy_assignment", "Simple_vector_copy_assignment\Simple_vector_copy_assignment.vcxproj", "{F4FED094-5B75-4F45-ABE8-1D6C96D87308}"
EndProject
Project("{8BC9CEB8-8B4A-11D0-8D11-00A0C91BC942}") = "Split_into_sentences", "Split_into_sentences\Split_into_sentences.vcxproj", "{1DE86B42-E892-418D-8BC1-710360AD4FC3}"
EndProject
Project("{8BC9CEB8-8B4A-11D0-8D11-00A0C91BC942}") = "Split_into_sentences_author", "Split_into_sentences_author\Split_into_sentences_author.vcxproj", "{9B3ED141-2FBA-4065-8446-DAB9C80BC12A}"
EndProject
Global
	GlobalSection(SolutionConfigurationPlatforms) = preSolution
		Debug|x64 = Debug|x64
		Debug|x86 = Debug|x86
		Release|x64 = Release|x64
		Release|x86 = Release|x86
	EndGlobalSection
	GlobalSection(ProjectConfigurationPlatforms) = postSolution
		{6C82E416-18EA-4DB7-A91B-9AC66F6A103F}.Debug|x64.ActiveCfg = Debug|x64
		{6C82E416-18EA-4DB7-A91B-9AC66F6A103F}.Debug|x64.Build.0 = Debug|x64
		{6C82E416-18EA-4DB7-A91B-9AC66F6A103F}.Debug|x86.ActiveCfg = Debug|Win32
		{6C82E416-18EA-4DB7-A91B-9AC66F6A103F}.Debug|x86.Build.0 = Debug|Win32
		{6C82E416-18EA-4DB7-A91B-9AC66F6A103F}.Release|x64.ActiveCfg = Release|x64
		{6C82E416-18EA-4DB7-A91B-9AC66F6A103F}.Release|x64.Build.0 = Release|x64
		{6C82E416-18EA-4DB7-A91B-9AC66F6A103F}.Release|x86.ActiveCfg = Release|Win32
		{6C82E416-18EA-4DB7-A91B-9AC66F6A103F}.Release|x86.Build.0 = Release|Win32
		{C988B523-B5D9-4F21-AD08-14237BA863A0}.Debug|x64.ActiveCfg = Debug|x64
		{C988B523-B5D9-4F21-AD08-14237BA863A0}.Debug|x64.Build.0 = Debug|x64
		{C988B523-B5D9-4F21-AD08-14237BA863A0}.Debug|x86.ActiveCfg = Debug|Win32
		{C988B523-B5D9-4F21-AD08-14237BA863A0}.Debug|x86.Build.0 = Debug|Win32
		{C988B523-B5D9-4F21-AD08-14237BA863A0}.Release|x64.ActiveCfg = Release|x64
		{C988B523-B5D9-4F21-AD08-14237BA863A0}.Release|x64.Build.0 = Release|x64
		{C988B523-B5D9-4F21-AD08-14237BA863A0}.Release|x86.ActiveCfg = Release|Win32
		{C988B523-B5D9-4F21-AD08-14237BA863A0}.Release|x86.Build.0 = Release|Win32
		{1C978B40-EACD-45C7-BC87-1009B1F61BD8}.Debug|x64.ActiveCfg = Debug|x64
		{1C978B40-EACD-45C7-BC87-1009B1F61BD8}.Debug|x64.Build.0 = Debug|x64
		{1C978B40-EACD-45C7-BC87-1009B1F61BD8}.Debug|x86.ActiveCfg = Debug|Win32
		{1C978B40-EACD-45C7-BC87-1009B1F61BD8}.Debug|x86.Build.0 = Debug|Win32
		{1C978B40-EACD-45C7-BC87-1009B1F61BD8}.Release|x64.ActiveCfg = Release|x64
		{1C978B40-EACD-45C7-BC87-1009B1F61BD8}.Release|x64.Build.0 = Release|x64
		{1C978B40-EACD-45C7-BC87-1009B1F61BD8}.Release|x86.ActiveCfg = Release|Win32
		{1C978B40-EACD-45C7-BC87-1009B1F61BD8}.Release|x86.Build.0 = Release|Win32
		{A727ED97-5AEE-483C-8392-89EEF41CB39B}.Debug|x64.ActiveCfg = Debug|x64
		{A727ED97-5AEE-483C-8392-89EEF41CB39B}.Debug|x64.Build.0 = Debug|x64
		{A727ED97-5AEE-483C-8392-89EEF41CB39B}.Debug|x86.ActiveCfg = Debug|Win32
		{A727ED97-5AEE-483C-8392-89EEF41CB39B}.Debug|x86.Build.0 = Debug|Win32
		{A727ED97-5AEE-483C-8392-89EEF41CB39B}.Release|x64.ActiveCfg = Release|x64
		{A727ED97-5AEE-483C-8392-89EEF41CB39B}.Release|x64.Build.0 = Release|x64
		{A727ED97-5AEE-483C-8392-89EEF41CB39B}.Release|x86.ActiveCfg = Release|Win32
		{A727ED97-5AEE-483C-8392-89EEF41CB39B}.Release|x86.Build.0 = Release|Win32
		{872494C3-3FBF-45F4-99E9-CFACF984B81D}.Debug|x64.ActiveCfg = Debug|x64
		{872494C3-3FBF-45F4-99E9-CFACF984B81D}.Debug|x64.Build.0 = Debug|x64
		{872494C3-3FBF-45F4-99E9-CFACF984B81D}.Debug|x86.ActiveCfg = Debug|Win32
		{872494C3-3FBF-45F4-99E9-CFACF984B81D}.Debug|x86.Build.0 = Debug|Win32
		{872494C3-3FBF-45F4-99E9-CFACF984B81D}.Release|x64.ActiveCfg = Release|x64
		{872494C3-3FBF-45F4-99E9-CFACF984B81D}.Release|x64.Build.0 = Release|x64
		{872494C3-3FBF-45F4-99E9-CFACF984B81D}.Release|x86.ActiveCfg = Release|Win32
		{872494C3-3FBF-45F4-99E9-CFACF984B81D}.Release|x86.Build.0 = Release|Win32
		{B865E191-6C02-4DDD-9F78-D7B77276AA66}.Debug|x64.ActiveCfg = Debug|x64
		{B865E191-6C02-4DDD-9F78-D7B77276AA66}.Debug|x64.Build.0 = Debug|x64
		{B865E191-6C02-4DDD-9F78-D7B77276AA66}.Debug|x86.ActiveCfg = Debug|Win32
		{B865E191-6C02-4DDD-9F78-D7B77276AA66}.Debug|x86.Build.0 = Debug|Win32
		{B865E191-6C02-4DDD-9F78-D7B77276AA66}.Release|x64.ActiveCfg = Release|x64
		{B865E191-6C02-4DDD-9F78-D7B77276AA66}.Release|x64.Build.0 = Release|x64
		{B865E191-6C02-4DDD-9F78-D7B77276AA66}.Release|x86.ActiveCfg = Release|Win32
		{B865E191-6C02-4DDD-9F78-D7B77276AA66}.Release|x86.Build.0 = Release|Win32
		{F85E782A-F5CB-4053-B9A6-F0E06A4C0D11}.Debug|x64.ActiveCfg = Debug|x64
		{F85E782A-F5CB-4053-B9A6-F0E06A4C0D11}.Debug|x64.Build.0 = Debug|x64
		{F85E782A-F5CB-4053-B9A6-F0E06A4C0D11}.Debug|x86.ActiveCfg = Debug|Win32
		{F85E782A-F5CB-4053-B9A6-F0E06A4C0D11}.Debug|x86.Build.0 = Debug|Win32
		{F85E782A-F5CB-4053-B9A6-F0E06A4C0D11}.Release|x64.ActiveCfg = Release|x64
		{F85E782A-F5CB-4053-B9A6-F0E06A4C0D11}.Release|x64.Build.0 = Release|x64
		{F85E782A-F5CB-4053-B9A6-F0E06A4C0D11}.Release|x86.ActiveCfg = Release|Win32
		{F85E782A-F5CB-4053-B9A6-F0E06A4C0D11}.Release|x86.Build.0 = Release|Win32
		{ACBF666E-2CCA-4DEE-9144-3B35FD1AA487}.Debug|x64.ActiveCfg = Debug|x64
		{ACBF666E-2CCA-4DEE-9144-3B35FD1AA487}.Debug|x64.Build.0 = Debug|x64
		{ACBF666E-2CCA-4DEE-9144-3B35FD1AA487}.Debug|x86.ActiveCfg = Debug|Win32
		{ACBF666E-2CCA-4DEE-9144-3B35FD1AA487}.Debug|x86.Build.0 = Debug|Win32
		{ACBF666E-2CCA-4DEE-9144-3B35FD1AA487}.Release|x64.ActiveCfg = Release|x64
		{ACBF666E-2CCA-4DEE-9144-3B35FD1AA487}.Release|x64.Build.0 = Release|x64
		{ACBF666E-2CCA-4DEE-9144-3B35FD1AA487}.Release|x86.ActiveCfg = Release|Win32
		{ACBF666E-2CCA-4DEE-9144-3B35FD1AA487}.Release|x86.Build.0 = Release|Win32
		{F8BE5F5C-DB4B-434F-9F3A-72ABEE79D839}.Debug|x64.ActiveCfg = Debug|x64
		{F8BE5F5C-DB4B-434F-9F3A-72ABEE79D839}.Debug|x64.Build.0 = Debug|x64
		{F8BE5F5C-DB4B-434F-9F3A-72ABEE79D839}.Debug|x86.ActiveCfg = Debug|Win32
		{F8BE5F5C-DB4B-434F-9F3A-72ABEE79D839}.Debug|x86.Build.0 = Debug|Win32
		{F8BE5F5C-DB4B-434F-9F3A-72ABEE79D839}.Release|x64.ActiveCfg = Release|x64
		{F8BE5F5C-DB4B-434F-9F3A-72ABEE79D839}.Release|x64.Build.0 = Release|x64
		{F8BE5F5C-DB4B-434F-9F3A-72ABEE79D839}.Release|x86.ActiveCfg = Release|Win32
		{F8BE5F5C-DB4B-434F-9F3A-72ABEE79D839}.Release|x86.Build.0 = Release|Win32
		{BEB85CEC-8C53-440A-A05A-9043D0610907}.Debug|x64.ActiveCfg = Debug|x64
		{BEB85CEC-8C53-440A-A05A-9043D0610907}.Debug|x64.Build.0 = Debug|x64
		{BEB85CEC-8C53-440A-A05A-9043D0610907}.Debug|x86.ActiveCfg = Debug|Win32
		{BEB85CEC-8C53-440A-A05A-9043D0610907}.Debug|x86.Build.0 = Debug|Win32
		{BEB85CEC-8C53-440A-A05A-9043D0610907}.Release|x64.ActiveCfg = Release|x64
		{BEB85CEC-8C53-440A-A05A-9043D0610907}.Release|x64.Build.0 = Release|x64
		{BEB85CEC-8C53-440A-A05A-9043D0610907}.Release|x86.ActiveCfg = Release|Win32
		{BEB85CEC-8C53-440A-A05A-9043D0610907}.Release|x86.Build.0 = Release|Win32
		{88BFDEAF-8469-4527-946F-C1BC4A253537}.Debug|x64.ActiveCfg = Debug|x64
		{88BFDEAF-8469-4527-946F-C1BC4A253537}.Debug|x64.Build.0 = Debug|x64
		{88BFDEAF-8469-4527-946F-C1BC4A253537}.Debug|x86.ActiveCfg = Debug|Win32
		{88BFDEAF-8469-4527-946F-C1BC4A253537}.Debug|x86.Build.0 = Debug|Win32
		{88BFDEAF-8469-4527-946F-C1BC4A253537}.Release|x64.ActiveCfg = Release|x64
		{88BFDEAF-8469-4527-946F-C1BC4A253537}.Release|x64.Build.0 = Release|x64
		{88BFDEAF-8469-4527-946F-C1BC4A253537}.Release|x86.ActiveCfg = Release|Win32
		{88BFDEAF-8469-4527-946F-C1BC4A253537}.Release|x86.Build.0 = Release|Win32
		{115CA07D-11CE-4EDF-822C-F9117E75C5FD}.Debug|x64.ActiveCfg = Debug|x64
		{115CA07D-11CE-4EDF-822C-F9117E75C5FD}.Debug|x64.Build.0 = Debug|x64
		{115CA07D-11CE-4EDF-822C-F9117E75C5FD}.Debug|x86.ActiveCfg = Debug|Win32
		{115CA07D-11CE-4EDF-822C-F9117E75C5FD}.Debug|x86.Build.0 = Debug|Win32
		{115CA07D-11CE-4EDF-822C-F9117E75C5FD}.Release|x64.ActiveCfg = Release|x64
		{115CA07D-11CE-4EDF-822C-F9117E75C5FD}.Release|x64.Build.0 = Release|x64
		{115CA07D-11CE-4EDF-822C-F9117E75C5FD}.Release|x86.ActiveCfg = Release|Win32
		{115CA07D-11CE-4EDF-822C-F9117E75C5FD}.Release|x86.Build.0 = Release|Win32
		{47D1C21E-470C-459C-9F4E-D583866D33EF}.Debug|x64.ActiveCfg = Debug|x64
		{47D1C21E-470C-459C-9F4E-D583866D33EF}.Debug|x64.Build.0 = Debug|x64
		{47D1C21E-470C-459C-9F4E-D583866D33EF}.Debug|x86.ActiveCfg = Debug|Win32
		{47D1C21E-470C-459C-9F4E-D583866D33EF}.Debug|x86.Build.0 = Debug|Win32
		{47D1C21E-470C-459C-9F4E-D583866D33EF}.Release|x64.ActiveCfg = Release|x64
		{47D1C21E-470C-459C-9F4E-D583866D33EF}.Release|x64.Build.0 = Release|x64
		{47D1C21E-470C-459C-9F4E-D583866D33EF}.Release|x86.ActiveCfg = Release|Win32
		{47D1C21E-470C-459C-9F4E-D583866D33EF}.Release|x86.Build.0 = Release|Win32
		{BB1C9351-00E7-4736-97CF-5C27D6F9D36C}.Debug|x64.ActiveCfg = Debug|x64
		{BB1C9351-00E7-4736-97CF-5C27D6F9D36C}.Debug|x64.Build.0 = Debug|x64
		{BB1C9351-00E7-4736-97CF-5C27D6F9D36C}.Debug|x86.ActiveCfg = Debug|Win32
		{BB1C9351-00E7-4736-97CF-5C27D6F9D36C}.Debug|x86.Build.0 = Debug|Win32
		{BB1C9351-00E7-4736-97CF-5C27D6F9D36C}.Release|x64.ActiveCfg = Release|x64
		{BB1C9351-00E7-4736-97CF-5C27D6F9D36C}.Release|x64.Build.0 = Release|x64
		{BB1C9351-00E7-4736-97CF-5C27D6F9D36C}.Release|x86.ActiveCfg = Release|Win32
		{BB1C9351-00E7-4736-97CF-5C27D6F9D36C}.Release|x86.Build.0 = Release|Win32
		{117A0405-FDBB-40C1-B3A3-B5648F565934}.Debug|x64.ActiveCfg = Debug|x64
		{117A0405-FDBB-40C1-B3A3-B5648F565934}.Debug|x64.Build.0 = Debug|x64
		{117A0405-FDBB-40C1-B3A3-B5648F565934}.Debug|x86.ActiveCfg = Debug|Win32
		{117A0405-FDBB-40C1-B3A3-B5648F565934}.Debug|x86.Build.0 = Debug|Win32
		{117A0405-FDBB-40C1-B3A3-B5648F565934}.Release|x64.ActiveCfg = Release|x64
		{117A0405-FDBB-40C1-B3A3-B5648F565934}.Release|x64.Build.0 = Release|x64
		{117A0405-FDBB-40C1-B3A3-B5648F565934}.Release|x86.ActiveCfg = Release|Win32
		{117A0405-FDBB-40C1-B3A3-B5648F565934}.Release|x86.Build.0 = Release|Win32
		{DF1AFED5-E2A9-45A3-B14B-E9655FD4E8F3}.Debug|x64.ActiveCfg = Debug|x64
		{DF1AFED5-E2A9-45A3-B14B-E9655FD4E8F3}.Debug|x64.Build.0 = Debug|x64
		{DF1AFED5-E2A9-45A3-B14B-E9655FD4E8F3}.Debug|x86.ActiveCfg = Debug|Win32
		{DF1AFED5-E2A9-45A3-B14B-E9655FD4E8F3}.Debug|x86.Build.0 = Debug|Win32
		{DF1AFED5-E2A9-45A3-B14B-E9655FD4E8F3}.Release|x64.ActiveCfg = Release|x64
		{DF1AFED5-E2A9-45A3-B14B-E9655FD4E8F3}.Release|x64.Build.0 = Release|x64
		{DF1AFED5-E2A9-45A3-B14B-E9655FD4E8F3}.Release|x86.ActiveCfg = Release|Win32
		{DF1AFED5-E2A9-45A3-B14B-E9655FD4E8F3}.Release|x86.Build.0 = Release|Win32
		{88840A2B-4CEC-44B3-9EEC-4AC5501A81A7}.Debug|x64.ActiveCfg = Debug|x64
		{88840A2B-4CEC-44B3-9EEC-4AC5501A81A7}.Debug|x64.Build.0 = Debug|x64
		{88840A2B-4CEC-44B3-9EEC-4AC5501A81A7}.Debug|x86.ActiveCfg = Debug|Win32
		{88840A2B-4CEC-44B3-9EEC-4AC5501A81A7}.Debug|x86.Build.0 = Debug|Win32
		{88840A2B-4CEC-44B3-9EEC-4AC5501A81A7}.Release|x64.ActiveCfg = Release|x64
		{88840A2B-4CEC-44B3-9EEC-4AC5501A81A7}.Release|x64.Build.0 = Release|x64
		{88840A2B-4CEC-44B3-9EEC-4AC5501A81A7}.Release|x86.ActiveCfg = Release|Win32
		{88840A2B-4CEC-44B3-9EEC-4AC5501A81A7}.Release|x86.Build.0 = Release|Win32
		{700969E9-5A62-480F-B6D2-7A5660622D34}.Debug|x64.ActiveCfg = Debug|x64
		{700969E9-5A62-480F-B6D2-7A5660622D34}.Debug|x64.Build.0 = Debug|x64
		{700969E9-5A62-480F-B6D2-7A5660622D34}.Debug|x86.ActiveCfg = Debug|Win32
		{700969E9-5A62-480F-B6D2-7A5660622D34}.Debug|x86.Build.0 = Debug|Win32
		{700969E9-5A62-480F-B6D2-7A5660622D34}.Release|x64.ActiveCfg = Release|x64
		{700969E9-5A62-480F-B6D2-7A5660622D34}.Release|x64.Build.0 = Release|x64
		{700969E9-5A62-480F-B6D2-7A5660622D34}.Release|x86.ActiveCfg = Release|Win32
		{700969E9-5A62-480F-B6D2-7A5660622D34}.Release|x86.Build.0 = Release|Win32
		{445EC24E-951A-408B-9CE5-6617F828B3C9}.Debug|x64.ActiveCfg = Debug|x64
		{445EC24E-951A-408B-9CE5-6617F828B3C9}.Debug|x64.Build.0 = Debug|x64
		{445EC24E-951A-408B-9CE5-6617F828B3C9}.Debug|x86.ActiveCfg = Debug|Win32
		{445EC24E-951A-408B-9CE5-6617F828B3C9}.Debug|x86.Build.0 = Debug|Win32
		{445EC24E-951A-408B-9CE5-6617F828B3C9}.Release|x64.ActiveCfg = Release|x64
		{445EC24E-951A-408B-9CE5-6617F828B3C9}.Release|x64.Build.0 = Release|x64
		{445EC24E-951A-408B-9CE5-6617F828B3C9}.Release|x86.ActiveCfg = Release|Win32
		{445EC24E-951A-408B-9CE5-6617F828B3C9}.Release|x86.Build.0 = Release|Win32
		{49BEA9E7-62E6-4202-9C29-D071D28BA0FF}.Debug|x64.ActiveCfg = Debug|x64
		{49BEA9E7-62E6-4202-9C29-D071D28BA0FF}.Debug|x64.Build.0 = Debug|x64
		{49BEA9E7-62E6-4202-9C29-D071D28BA0FF}.Debug|x86.ActiveCfg = Debug|Win32
		{49BEA9E7-62E6-4202-9C29-D071D28BA0FF}.Debug|x86.Build.0 = Debug|Win32
		{49BEA9E7-62E6-4202-9C29-D071D28BA0FF}.Release|x64.ActiveCfg = Release|x64
		{49BEA9E7-62E6-4202-9C29-D071D28BA0FF}.Release|x64.Build.0 = Release|x64
		{49BEA9E7-62E6-4202-9C29-D071D28BA0FF}.Release|x86.ActiveCfg = Release|Win32
		{49BEA9E7-62E6-4202-9C29-D071D28BA0FF}.Release|x86.Build.0 = Release|Win32
		{EE711BE5-B2AA-479E-9DBD-6DEC4AA45569}.Debug|x64.ActiveCfg = Debug|x64
		{EE711BE5-B2AA-479E-9DBD-6DEC4AA45569}.Debug|x64.Build.0 = Debug|x64
		{EE711BE5-B2AA-479E-9DBD-6DEC4AA45569}.Debug|x86.ActiveCfg = Debug|Win32
		{EE711BE5-B2AA-479E-9DBD-6DEC4AA45569}.Debug|x86.Build.0 = Debug|Win32
		{EE711BE5-B2AA-479E-9DBD-6DEC4AA45569}.Release|x64.ActiveCfg = Release|x64
		{EE711BE5-B2AA-479E-9DBD-6DEC4AA45569}.Release|x64.Build.0 = Release|x64
		{EE711BE5-B2AA-479E-9DBD-6DEC4AA45569}.Release|x86.ActiveCfg = Release|Win32
		{EE711BE5-B2AA-479E-9DBD-6DEC4AA45569}.Release|x86.Build.0 = Release|Win32
		{E31957A7-D6D6-4050-BFDB-843D33A9EB67}.Debug|x64.ActiveCfg = Debug|x64
		{E31957A7-D6D6-4050-BFDB-843D33A9EB67}.Debug|x64.Build.0 = Debug|x64
		{E31957A7-D6D6-4050-BFDB-843D33A9EB67}.Debug|x86.ActiveCfg = Debug|Win32
		{E31957A7-D6D6-4050-BFDB-843D33A9EB67}.Debug|x86.Build.0 = Debug|Win32
		{E31957A7-D6D6-4050-BFDB-843D33A9EB67}.Release|x64.ActiveCfg = Release|x64
		{E31957A7-D6D6-4050-BFDB-843D33A9EB67}.Release|x64.Build.0 = Release|x64
		{E31957A7-D6D6-4050-BFDB-843D33A9EB67}.Release|x86.ActiveCfg = Release|Win32
		{E31957A7-D6D6-4050-BFDB-843D33A9EB67}.Release|x86.Build.0 = Release|Win32
		{75499D0A-E79E-4321-B720-8B29E44B1DAF}.Debug|x64.ActiveCfg = Debug|x64
		{75499D0A-E79E-4321-B720-8B29E44B1DAF}.Debug|x64.Build.0 = Debug|x64
		{75499D0A-E79E-4321-B720-8B29E44B1DAF}.Debug|x86.ActiveCfg = Debug|Win32
		{75499D0A-E79E-4321-B720-8B29E44B1DAF}.Debug|x86.Build.0 = Debug|Win32
		{75499D0A-E79E-4321-B720-8B29E44B1DAF}.Release|x64.ActiveCfg = Release|x64
		{75499D0A-E79E-4321-B720-8B29E44B1DAF}.Release|x64.Build.0 = Release|x64
		{75499D0A-E79E-4321-B720-8B29E44B1DAF}.Release|x86.ActiveCfg = Release|Win32
		{75499D0A-E79E-4321-B720-8B29E44B1DAF}.Release|x86.Build.0 = Release|Win32
		{7B718AE9-C177-4FFB-91E7-E90F8EAEC781}.Debug|x64.ActiveCfg = Debug|x64
		{7B718AE9-C177-4FFB-91E7-E90F8EAEC781}.Debug|x64.Build.0 = Debug|x64
		{7B718AE9-C177-4FFB-91E7-E90F8EAEC781}.Debug|x86.ActiveCfg = Debug|Win32
		{7B718AE9-C177-4FFB-91E7-E90F8EAEC781}.Debug|x86.Build.0 = Debug|Win32
		{7B718AE9-C177-4FFB-91E7-E90F8EAEC781}.Release|x64.ActiveCfg = Release|x64
		{7B718AE9-C177-4FFB-91E7-E90F8EAEC781}.Release|x64.Build.0 = Release|x64
		{7B718AE9-C177-4FFB-91E7-E90F8EAEC781}.Release|x86.ActiveCfg = Release|Win32
		{7B718AE9-C177-4FFB-91E7-E90F8EAEC781}.Release|x86.Build.0 = Release|Win32
		{E09A35D5-D9F1-4F96-82CC-E5265B21FF02}.Debug|x64.ActiveCfg = Debug|x64
		{E09A35D5-D9F1-4F96-82CC-E5265B21FF02}.Debug|x64.Build.0 = Debug|x64
		{E09A35D5-D9F1-4F96-82CC-E5265B21FF02}.Debug|x86.ActiveCfg = Debug|Win32
		{E09A35D5-D9F1-4F96-82CC-E5265B21FF02}.Debug|x86.Build.0 = Debug|Win32
		{E09A35D5-D9F1-4F96-82CC-E5265B21FF02}.Release|x64.ActiveCfg = Release|x64
		{E09A35D5-D9F1-4F96-82CC-E5265B21FF02}.Release|x64.Build.0 = Release|x64
		{E09A35D5-D9F1-4F96-82CC-E5265B21FF02}.Release|x86.ActiveCfg = Release|Win32
		{E09A35D5-D9F1-4F96-82CC-E5265B21FF02}.Release|x86.Build.0 = Release|Win32
		{E0F86EEA-9114-4883-B9E9-8B55A169F678}.Debug|x64.ActiveCfg = Debug|x64
		{E0F86EEA-9114-4883-B9E9-8B55A169F678}.Debug|x64.Build.0 = Debug|x64
		{E0F86EEA-9114-4883-B9E9-8B55A169F678}.Debug|x86.ActiveCfg = Debug|Win32
		{E0F86EEA-9114-4883-B9E9-8B55A169F678}.Debug|x86.Build.0 = Debug|Win32
		{E0F86EEA-9114-4883-B9E9-8B55A169F678}.Release|x64.ActiveCfg = Release|x64
		{E0F86EEA-9114-4883-B9E9-8B55A169F678}.Release|x64.Build.0 = Release|x64
		{E0F86EEA-9114-4883-B9E9-8B55A169F678}.Release|x86.ActiveCfg = Release|Win32
		{E0F86EEA-9114-4883-B9E9-8B55A169F678}.Release|x86.Build.0 = Release|Win32
		{6CBB0A4C-F6B8-4099-9F96-FA50D131DD67}.Debug|x64.ActiveCfg = Debug|x64
		{6CBB0A4C-F6B8-4099-9F96-FA50D131DD67}.Debug|x64.Build.0 = Debug|x64
		{6CBB0A4C-F6B8-4099-9F96-FA50D131DD67}.Debug|x86.ActiveCfg = Debug|Win32
		{6CBB0A4C-F6B8-4099-9F96-FA50D131DD67}.Debug|x86.Build.0 = Debug|Win32
		{6CBB0A4C-F6B8-4099-9F96-FA50D131DD67}.Release|x64.ActiveCfg = Release|x64
		{6CBB0A4C-F6B8-4099-9F96-FA50D131DD67}.Release|x64.Build.0 = Release|x64
		{6CBB0A4C-F6B8-4099-9F96-FA50D131DD67}.Release|x86.ActiveCfg = Release|Win32
		{6CBB0A4C-F6B8-4099-9F96-FA50D131DD67}.Release|x86.Build.0 = Release|Win32
		{2B413D3B-B79A-4BAE-956F-02BAC98985E8}.Debug|x64.ActiveCfg = Debug|x64
		{2B413D3B-B79A-4BAE-956F-02BAC98985E8}.Debug|x64.Build.0 = Debug|x64
		{2B413D3B-B79A-4BAE-956F-02BAC98985E8}.Debug|x86.ActiveCfg = Debug|Win32
		{2B413D3B-B79A-4BAE-956F-02BAC98985E8}.Debug|x86.Build.0 = Debug|Win32
		{2B413D3B-B79A-4BAE-956F-02BAC98985E8}.Release|x64.ActiveCfg = Release|x64
		{2B413D3B-B79A-4BAE-956F-02BAC98985E8}.Release|x64.Build.0 = Release|x64
		{2B413D3B-B79A-4BAE-956F-02BAC98985E8}.Release|x86.ActiveCfg = Release|Win32
		{2B413D3B-B79A-4BAE-956F-02BAC98985E8}.Release|x86.Build.0 = Release|Win32
		{8CF8AE5C-7BAB-4F41-9AFB-F27ED74B60A9}.Debug|x64.ActiveCfg = Debug|x64
		{8CF8AE5C-7BAB-4F41-9AFB-F27ED74B60A9}.Debug|x64.Build.0 = Debug|x64
		{8CF8AE5C-7BAB-4F41-9AFB-F27ED74B60A9}.Debug|x86.ActiveCfg = Debug|Win32
		{8CF8AE5C-7BAB-4F41-9AFB-F27ED74B60A9}.Debug|x86.Build.0 = Debug|Win32
		{8CF8AE5C-7BAB-4F41-9AFB-F27ED74B60A9}.Release|x64.ActiveCfg = Release|x64
		{8CF8AE5C-7BAB-4F41-9AFB-F27ED74B60A9}.Release|x64.Build.0 = Release|x64
		{8CF8AE5C-7BAB-4F41-9AFB-F27ED74B60A9}.Release|x86.ActiveCfg = Release|Win32
		{8CF8AE5C-7BAB-4F41-9AFB-F27ED74B60A9}.Release|x86.Build.0 = Release|Win32
		{4CB75A94-F2B6-44F2-B06F-77271C95364F}.Debug|x64.ActiveCfg = Debug|x64
		{4CB75A94-F2B6-44F2-B06F-77271C95364F}.Debug|x64.Build.0 = Debug|x64
		{4CB75A94-F2B6-44F2-B06F-77271C95364F}.Debug|x86.ActiveCfg = Debug|Win32
		{4CB75A94-F2B6-44F2-B06F-77271C95364F}.Debug|x86.Build.0 = Debug|Win32
		{4CB75A94-F2B6-44F2-B06F-77271C95364F}.Release|x64.ActiveCfg = Release|x64
		{4CB75A94-F2B6-44F2-B06F-77271C95364F}.Release|x64.Build.0 = Release|x64
		{4CB75A94-F2B6-44F2-B06F-77271C95364F}.Release|x86.ActiveCfg = Release|Win32
		{4CB75A94-F2B6-44F2-B06F-77271C95364F}.Release|x86.Build.0 = Release|Win32
		{67092EDC-241E-45E0-A16F-4798D54B183A}.Debug|x64.ActiveCfg = Debug|x64
		{67092EDC-241E-45E0-A16F-4798D54B183A}.Debug|x64.Build.0 = Debug|x64
		{67092EDC-241E-45E0-A16F-4798D54B183A}.Debug|x86.ActiveCfg = Debug|Win32
		{67092EDC-241E-45E0-A16F-4798D54B183A}.Debug|x86.Build.0 = Debug|Win32
		{67092EDC-241E-45E0-A16F-4798D54B183A}.Release|x64.ActiveCfg = Release|x64
		{67092EDC-241E-45E0-A16F-4798D54B183A}.Release|x64.Build.0 = Release|x64
		{67092EDC-241E-45E0-A16F-4798D54B183A}.Release|x86.ActiveCfg = Release|Win32
		{67092EDC-241E-45E0-A16F-4798D54B183A}.Release|x86.Build.0 = Release|Win32
		{D199429A-CD88-4765-B6BF-03DBD3B16D20}.Debug|x64.ActiveCfg = Debug|x64
		{D199429A-CD88-4765-B6BF-03DBD3B16D20}.Debug|x64.Build.0 = Debug|x64
		{D199429A-CD88-4765-B6BF-03DBD3B16D20}.Debug|x86.ActiveCfg = Debug|Win32
		{D199429A-CD88-4765-B6BF-03DBD3B16D20}.Debug|x86.Build.0 = Debug|Win32
		{D199429A-CD88-4765-B6BF-03DBD3B16D20}.Release|x64.ActiveCfg = Release|x64
		{D199429A-CD88-4765-B6BF-03DBD3B16D20}.Release|x64.Build.0 = Release|x64
		{D199429A-CD88-4765-B6BF-03DBD3B16D20}.Release|x86.ActiveCfg = Release|Win32
		{D199429A-CD88-4765-B6BF-03DBD3B16D20}.Release|x86.Build.0 = Release|Win32
		{049BEF57-E105-4315-8A6C-6A019C28B703}.Debug|x64.ActiveCfg = Debug|x64
		{049BEF57-E105-4315-8A6C-6A019C28B703}.Debug|x64.Build.0 = Debug|x64
		{049BEF57-E105-4315-8A6C-6A019C28B703}.Debug|x86.ActiveCfg = Debug|Win32
		{049BEF57-E105-4315-8A6C-6A019C28B703}.Debug|x86.Build.0 = Debug|Win32
		{049BEF57-E105-4315-8A6C-6A019C28B703}.Release|x64.ActiveCfg = Release|x64
		{049BEF57-E105-4315-8A6C-6A019C28B703}.Release|x64.Build.0 = Release|x64
		{049BEF57-E105-4315-8A6C-6A019C28B703}.Release|x86.ActiveCfg = Release|Win32
		{049BEF57-E105-4315-8A6C-6A019C28B703}.Release|x86.Build.0 = Release|Win32
		{EEF9F9AC-D6EB-40CE-B3B9-063431118D50}.Debug|x64.ActiveCfg = Debug|x64
		{EEF9F9AC-D6EB-40CE-B3B9-063431118D50}.Debug|x64.Build.0 = Debug|x64
		{EEF9F9AC-D6EB-40CE-B3B9-063431118D50}.Debug|x86.ActiveCfg = Debug|Win32
		{EEF9F9AC-D6EB-40CE-B3B9-063431118D50}.Debug|x86.Build.0 = Debug|Win32
		{EEF9F9AC-D6EB-40CE-B3B9-063431118D50}.Release|x64.ActiveCfg = Release|x64
		{EEF9F9AC-D6EB-40CE-B3B9-063431118D50}.Release|x64.Build.0 = Release|x64
		{EEF9F9AC-D6EB-40CE-B3B9-063431118D50}.Release|x86.ActiveCfg = Release|Win32
		{EEF9F9AC-D6EB-40CE-B3B9-063431118D50}.Release|x86.Build.0 = Release|Win32
		{C5DAF293-AD2D-4B79-BD8A-99C94C969DC6}.Debug|x64.ActiveCfg = Debug|x64
		{C5DAF293-AD2D-4B79-BD8A-99C94C969DC6}.Debug|x64.Build.0 = Debug|x64
		{C5DAF293-AD2D-4B79-BD8A-99C94C969DC6}.Debug|x86.ActiveCfg = Debug|Win32
		{C5DAF293-AD2D-4B79-BD8A-99C94C969DC6}.Debug|x86.Build.0 = Debug|Win32
		{C5DAF293-AD2D-4B79-BD8A-99C94C969DC6}.Release|x64.ActiveCfg = Release|x64
		{C5DAF293-AD2D-4B79-BD8A-99C94C969DC6}.Release|x64.Build.0 = Release|x64
		{C5DAF293-AD2D-4B79-BD8A-99C94C969DC6}.Release|x86.ActiveCfg = Release|Win32
		{C5DAF293-AD2D-4B79-BD8A-99C94C969DC6}.Release|x86.Build.0 = Release|Win32
		{4552156B-4208-4463-A970-7943BD82051C}.Debug|x64.ActiveCfg = Debug|x64
		{4552156B-4208-4463-A970-7943BD82051C}.Debug|x64.Build.0 = Debug|x64
		{4552156B-4208-4463-A970-7943BD82051C}.Debug|x86.ActiveCfg = Debug|Win32
		{4552156B-4208-4463-A970-7943BD82051C}.Debug|x86.Build.0 = Debug|Win32
		{4552156B-4208-4463-A970-7943BD82051C}.Release|x64.ActiveCfg = Release|x64
		{4552156B-4208-4463-A970-7943BD82051C}.Release|x64.Build.0 = Release|x64
		{4552156B-4208-4463-A970-7943BD82051C}.Release|x86.ActiveCfg = Release|Win32
		{4552156B-4208-4463-A970-7943BD82051C}.Release|x86.Build.0 = Release|Win32
		{A0957BE9-9C56-452F-96A0-B7F5E8DF205E}.Debug|x64.ActiveCfg = Debug|x64
		{A0957BE9-9C56-452F-96A0-B7F5E8DF205E}.Debug|x64.Build.0 = Debug|x64
		{A0957BE9-9C56-452F-96A0-B7F5E8DF205E}.Debug|x86.ActiveCfg = Debug|Win32
		{A0957BE9-9C56-452F-96A0-B7F5E8DF205E}.Debug|x86.Build.0 = Debug|Win32
		{A0957BE9-9C56-452F-96A0-B7F5E8DF205E}.Release|x64.ActiveCfg = Release|x64
		{A0957BE9-9C56-452F-96A0-B7F5E8DF205E}.Release|x64.Build.0 = Release|x64
		{A0957BE9-9C56-452F-96A0-B7F5E8DF205E}.Release|x86.ActiveCfg = Release|Win32
		{A0957BE9-9C56-452F-96A0-B7F5E8DF205E}.Release|x86.Build.0 = Release|Win32
		{B7F2D7DE-A986-4368-9095-3BBF7001380F}.Debug|x64.ActiveCfg = Debug|x64
		{B7F2D7DE-A986-4368-9095-3BBF7001380F}.Debug|x64.Build.0 = Debug|x64
		{B7F2D7DE-A986-4368-9095-3BBF7001380F}.Debug|x86.ActiveCfg = Debug|Win32
		{B7F2D7DE-A986-4368-9095-3BBF7001380F}.Debug|x86.Build.0 = Debug|Win32
		{B7F2D7DE-A986-4368-9095-3BBF7001380F}.Release|x64.ActiveCfg = Release|x64
		{B7F2D7DE-A986-4368-9095-3BBF7001380F}.Release|x64.Build.0 = Release|x64
		{B7F2D7DE-A986-4368-9095-3BBF7001380F}.Release|x86.ActiveCfg = Release|Win32
		{B7F2D7DE-A986-4368-9095-3BBF7001380F}.Release|x86.Build.0 = Release|Win32
		{C2290325-8FAB-4E53-93B9-3163CA7D89D5}.Debug|x64.ActiveCfg = Debug|x64
		{C2290325-8FAB-4E53-93B9-3163CA7D89D5}.Debug|x64.Build.0 = Debug|x64
		{C2290325-8FAB-4E53-93B9-3163CA7D89D5}.Debug|x86.ActiveCfg = Debug|Win32
		{C2290325-8FAB-4E53-93B9-3163CA7D89D5}.Debug|x86.Build.0 = Debug|Win32
		{C2290325-8FAB-4E53-93B9-3163CA7D89D5}.Release|x64.ActiveCfg = Release|x64
		{C2290325-8FAB-4E53-93B9-3163CA7D89D5}.Release|x64.Build.0 = Release|x64
		{C2290325-8FAB-4E53-93B9-3163CA7D89D5}.Release|x86.ActiveCfg = Release|Win32
		{C2290325-8FAB-4E53-93B9-3163CA7D89D5}.Release|x86.Build.0 = Release|Win32
		{F4FED094-5B75-4F45-ABE8-1D6C96D87308}.Debug|x64.ActiveCfg = Debug|x64
		{F4FED094-5B75-4F45-ABE8-1D6C96D87308}.Debug|x64.Build.0 = Debug|x64
		{F4FED094-5B75-4F45-ABE8-1D6C96D87308}.Debug|x86.ActiveCfg = Debug|Win32
		{F4FED094-5B75-4F45-ABE8-1D6C96D87308}.Debug|x86.Build.0 = Debug|Win32
		{F4FED094-5B75-4F45-ABE8-1D6C96D87308}.Release|x64.ActiveCfg = Release|x64
		{F4FED094-5B75-4F45-ABE8-1D6C96D87308}.Release|x64.Build.0 = Release|x64
		{F4FED094-5B75-4F45-ABE8-1D6C96D87308}.Release|x86.ActiveCfg = Release|Win32
		{F4FED094-5B75-4F45-ABE8-1D6C96D87308}.Release|x86.Build.0 = Release|Win32
		{1DE86B42-E892-418D-8BC1-710360AD4FC3}.Debug|x64.ActiveCfg = Debug|x64
		{1DE86B42-E892-418D-8BC1-710360AD4FC3}.Debug|x64.Build.0 = Debug|x64
		{1DE86B42-E892-418D-8BC1-710360AD4FC3}.Debug|x86.ActiveCfg = Debug|Win32
		{1DE86B42-E892-418D-8BC1-710360AD4FC3}.Debug|x86.Build.0 = Debug|Win32
		{1DE86B42-E892-418D-8BC1-710360AD4FC3}.Release|x64.ActiveCfg = Release|x64
		{1DE86B42-E892-418D-8BC1-710360AD4FC3}.Release|x64.Build.0 = Release|x64
		{1DE86B42-E892-418D-8BC1-710360AD4FC3}.Release|x86.ActiveCfg = Release|Win32
		{1DE86B42-E892-418D-8BC1-710360AD4FC3}.Release|x86.Build.0 = Release|Win32
		{9B3ED141-2FBA-4065-8446-DAB9C80BC12A}.Debug|x64.ActiveCfg = Debug|x64
		{9B3ED141-2FBA-4065-8446-DAB9C80BC12A}.Debug|x64.Build.0 = Debug|x64
		{9B3ED141-2FBA-4065-8446-DAB9C80BC12A}.Debug|x86.ActiveCfg = Debug|Win32
		{9B3ED141-2FBA-4065-8446-DAB9C80BC12A}.Debug|x86.Build.0 = Debug|Win32
		{9B3ED141-2FBA-4065-8446-DAB9C80BC12A}.Release|x64.ActiveCfg = Release|x64
		{9B3ED141-2FBA-4065-8446-DAB9C80BC12A}.Release|x64.Build.0 = Release|x64
		{9B3ED141-2FBA-4065-8446-DAB9C80BC12A}.Release|x86.ActiveCfg = Release|Win32
		{9B3ED141-2FBA-4065-8446-DAB9C80BC12A}.Release|x86.Build.0 = Release|Win32
	EndGlobalSection
	GlobalSection(SolutionProperties) = preSolution
		HideSolutionNode = FALSE
	EndGlobalSection
	GlobalSection(NestedProjects) = preSolution
		{C988B523-B5D9-4F21-AD08-14237BA863A0} = {87667776-165A-4633-9684-1173EB301907}
		{1C978B40-EACD-45C7-BC87-1009B1F61BD8} = {87667776-165A-4633-9684-1173EB301907}
		{A727ED97-5AEE-483C-8392-89EEF41CB39B} = {87667776-165A-4633-9684-1173EB301907}
		{872494C3-3FBF-45F4-99E9-CFACF984B81D} = {87667776-165A-4633-9684-1173EB301907}
		{B865E191-6C02-4DDD-9F78-D7B77276AA66} = {87667776-165A-4633-9684-1173EB301907}
		{F85E782A-F5CB-4053-B9A6-F0E06A4C0D11} = {87667776-165A-4633-9684-1173EB301907}
		{ACBF666E-2CCA-4DEE-9144-3B35FD1AA487} = {87667776-165A-4633-9684-1173EB301907}
		{F8BE5F5C-DB4B-434F-9F3A-72ABEE79D839} = {87667776-165A-4633-9684-1173EB301907}
		{BEB85CEC-8C53-440A-A05A-9043D0610907} = {87667776-165A-4633-9684-1173EB301907}
		{115CA07D-11CE-4EDF-822C-F9117E75C5FD} = {6D5FAE86-32B4-4EFE-81AD-E19FE4FE3DEE}
		{47D1C21E-470C-459C-9F4E-D583866D33EF} = {6D5FAE86-32B4-4EFE-81AD-E19FE4FE3DEE}
		{BB1C9351-00E7-4736-97CF-5C27D6F9D36C} = {6D5FAE86-32B4-4EFE-81AD-E19FE4FE3DEE}
		{117A0405-FDBB-40C1-B3A3-B5648F565934} = {6D5FAE86-32B4-4EFE-81AD-E19FE4FE3DEE}
		{DF1AFED5-E2A9-45A3-B14B-E9655FD4E8F3} = {6D5FAE86-32B4-4EFE-81AD-E19FE4FE3DEE}
		{88840A2B-4CEC-44B3-9EEC-4AC5501A81A7} = {6D5FAE86-32B4-4EFE-81AD-E19FE4FE3DEE}
		{700969E9-5A62-480F-B6D2-7A5660622D34} = {6D5FAE86-32B4-4EFE-81AD-E19FE4FE3DEE}
		{445EC24E-951A-408B-9CE5-6617F828B3C9} = {6D5FAE86-32B4-4EFE-81AD-E19FE4FE3DEE}
		{49BEA9E7-62E6-4202-9C29-D071D28BA0FF} = {B14A6681-C0DB-4632-BAC7-609C57806F32}
		{EE711BE5-B2AA-479E-9DBD-6DEC4AA45569} = {B14A6681-C0DB-4632-BAC7-609C57806F32}
		{E31957A7-D6D6-4050-BFDB-843D33A9EB67} = {B14A6681-C0DB-4632-BAC7-609C57806F32}
		{75499D0A-E79E-4321-B720-8B29E44B1DAF} = {B14A6681-C0DB-4632-BAC7-609C57806F32}
		{7B718AE9-C177-4FFB-91E7-E90F8EAEC781} = {B14A6681-C0DB-4632-BAC7-609C57806F32}
		{E09A35D5-D9F1-4F96-82CC-E5265B21FF02} = {B14A6681-C0DB-4632-BAC7-609C57806F32}
		{E0F86EEA-9114-4883-B9E9-8B55A169F678} = {B14A6681-C0DB-4632-BAC7-609C57806F32}
		{6CBB0A4C-F6B8-4099-9F96-FA50D131DD67} = {B14A6681-C0DB-4632-BAC7-609C57806F32}
		{2B413D3B-B79A-4BAE-956F-02BAC98985E8} = {7E9ECFA7-6525-4E9B-AD89-2EA0E35BC5F6}
		{8CF8AE5C-7BAB-4F41-9AFB-F27ED74B60A9} = {7E9ECFA7-6525-4E9B-AD89-2EA0E35BC5F6}
		{4CB75A94-F2B6-44F2-B06F-77271C95364F} = {7E9ECFA7-6525-4E9B-AD89-2EA0E35BC5F6}
		{67092EDC-241E-45E0-A16F-4798D54B183A} = {7E9ECFA7-6525-4E9B-AD89-2EA0E35BC5F6}
		{D199429A-CD88-4765-B6BF-03DBD3B16D20} = {7E9ECFA7-6525-4E9B-AD89-2EA0E35BC5F6}
		{049BEF57-E105-4315-8A6C-6A019C28B703} = {7E9ECFA7-6525-4E9B-AD89-2EA0E35BC5F6}
		{EEF9F9AC-D6EB-40CE-B3B9-063431118D50} = {7E9ECFA7-6525-4E9B-AD89-2EA0E35BC5F6}
		{C5DAF293-AD2D-4B79-BD8A-99C94C969DC6} = {7E9ECFA7-6525-4E9B-AD89-2EA0E35BC5F6}
		{4552156B-4208-4463-A970-7943BD82051C} = {7E9ECFA7-6525-4E9B-AD89-2EA0E35BC5F6}
		{A0957BE9-9C56-452F-96A0-B7F5E8DF205E} = {25512FB5-3998-4861-B642-64899FA7998C}
		{B7F2D7DE-A986-4368-9095-3BBF7001380F} = {25512FB5-3998-4861-B642-64899FA7998C}
		{C2290325-8FAB-4E53-93B9-3163CA7D89D5} = {25512FB5-3998-4861-B642-64899FA7998C}
		{F4FED094-5B75-4F45-ABE8-1D6C96D87308} = {25512FB5-3998-4861-B642-64899FA7998C}
		{1DE86B42-E892-418D-8BC1-710360AD4FC3} = {25512FB5-3998-4861-B642-64899FA7998C}
		{9B3ED141-2FBA-4065-8446-DAB9C80BC12A} = {25512FB5-3998-4861-B642-64899FA7998C}
	EndGlobalSection
	GlobalSection(ExtensibilityGlobals) = postSolution
		SolutionGuid = {CE199877-B9DC-463C-9BD1-96634082C837}
	EndGlobalSection
EndGlobal
