
Microsoft Visual Studio Solution File, Format Version 12.00
# Visual Studio 15
VisualStudioVersion = 15.0.28307.1062
MinimumVisualStudioVersion = 10.0.40219.1
Project("{8BC9CEB8-8B4A-11D0-8D11-00A0C91BC942}") = "FinalTaskAuthor", "FinalTaskAuthor.vcxproj", "{948399FF-6DDB-4496-92CE-02C00E28D13F}"
EndProject
Project("{8BC9CEB8-8B4A-11D0-8D11-00A0C91BC942}") = "RunTests", "..\RunTests\RunTests.vcxproj", "{C4619EBC-BD30-4DBE-B00A-1A15438E0156}"
EndProject
Global
	GlobalSection(SolutionConfigurationPlatforms) = preSolution
		Debug|x64 = Debug|x64
		Debug|x86 = Debug|x86
		Release|x64 = Release|x64
		Release|x86 = Release|x86
	EndGlobalSection
	GlobalSection(ProjectConfigurationPlatforms) = postSolution
		{948399FF-6DDB-4496-92CE-02C00E28D13F}.Debug|x64.ActiveCfg = Debug|x64
		{948399FF-6DDB-4496-92CE-02C00E28D13F}.Debug|x64.Build.0 = Debug|x64
		{948399FF-6DDB-4496-92CE-02C00E28D13F}.Debug|x86.ActiveCfg = Debug|Win32
		{948399FF-6DDB-4496-92CE-02C00E28D13F}.Debug|x86.Build.0 = Debug|Win32
		{948399FF-6DDB-4496-92CE-02C00E28D13F}.Release|x64.ActiveCfg = Release|x64
		{948399FF-6DDB-4496-92CE-02C00E28D13F}.Release|x64.Build.0 = Release|x64
		{948399FF-6DDB-4496-92CE-02C00E28D13F}.Release|x86.ActiveCfg = Release|Win32
		{948399FF-6DDB-4496-92CE-02C00E28D13F}.Release|x86.Build.0 = Release|Win32
		{C4619EBC-BD30-4DBE-B00A-1A15438E0156}.Debug|x64.ActiveCfg = Debug|x64
		{C4619EBC-BD30-4DBE-B00A-1A15438E0156}.Debug|x64.Build.0 = Debug|x64
		{C4619EBC-BD30-4DBE-B00A-1A15438E0156}.Debug|x86.ActiveCfg = Debug|Win32
		{C4619EBC-BD30-4DBE-B00A-1A15438E0156}.Debug|x86.Build.0 = Debug|Win32
		{C4619EBC-BD30-4DBE-B00A-1A15438E0156}.Release|x64.ActiveCfg = Release|x64
		{C4619EBC-BD30-4DBE-B00A-1A15438E0156}.Release|x64.Build.0 = Release|x64
		{C4619EBC-BD30-4DBE-B00A-1A15438E0156}.Release|x86.ActiveCfg = Release|Win32
		{C4619EBC-BD30-4DBE-B00A-1A15438E0156}.Release|x86.Build.0 = Release|Win32
	EndGlobalSection
	GlobalSection(SolutionProperties) = preSolution
		HideSolutionNode = FALSE
	EndGlobalSection
	GlobalSection(ExtensibilityGlobals) = postSolution
		SolutionGuid = {D611A796-5B84-478A-A975-2002E9B9FE64}
	EndGlobalSection
EndGlobal
