
Microsoft Visual Studio Solution File, Format Version 12.00
# Visual Studio 15
VisualStudioVersion = 15.0.28307.1062
MinimumVisualStudioVersion = 10.0.40219.1
Project("{8BC9CEB8-8B4A-11D0-8D11-00A0C91BC942}") = "PriorityCollection", "PriorityCollection\PriorityCollection.vcxproj", "{E204010F-B37B-4814-B545-AC8221F08F65}"
EndProject
Project("{2150E333-8FDC-42A3-9474-1A3956D46DE8}") = "Week1", "Week1", "{7C1D5128-1CFF-4AD1-825C-160A8490D3BF}"
EndProject
Project("{8BC9CEB8-8B4A-11D0-8D11-00A0C91BC942}") = "Hash_set", "Hash_set\Hash_set.vcxproj", "{3ACE583A-D77B-42AD-8ABC-9393716F9D21}"
EndProject
Project("{8BC9CEB8-8B4A-11D0-8D11-00A0C91BC942}") = "set_iterator_next", "set_iterator_next\set_iterator_next.vcxproj", "{E47F6529-3B4A-44BD-8674-855B1E3DEC39}"
EndProject
Project("{8BC9CEB8-8B4A-11D0-8D11-00A0C91BC942}") = "set_iterator_next_author", "set_iterator_next_author\set_iterator_next_author.vcxproj", "{70BAAD8C-19DA-418A-92E0-5DEE455EAC3E}"
EndProject
Project("{8BC9CEB8-8B4A-11D0-8D11-00A0C91BC942}") = "hash_point", "hash_point\hash_point.vcxproj", "{78F0C922-B13B-4FAB-96CE-5C2D8E4D1B56}"
EndProject
Project("{8BC9CEB8-8B4A-11D0-8D11-00A0C91BC942}") = "hash_point_author", "hash_point_author\hash_point_author.vcxproj", "{81DF5064-1CCE-4D53-B10E-44AB6703C4EE}"
EndProject
Project("{8BC9CEB8-8B4A-11D0-8D11-00A0C91BC942}") = "Hash_person", "Hash_person\Hash_person.vcxproj", "{8699ADE7-11DD-493F-BB52-8F9C9E54E6F5}"
EndProject
Project("{8BC9CEB8-8B4A-11D0-8D11-00A0C91BC942}") = "hash_person_author", "hash_person_author\hash_person_author.vcxproj", "{2A0A6EF9-7B95-460D-AB6A-9F47B755A01A}"
EndProject
Project("{8BC9CEB8-8B4A-11D0-8D11-00A0C91BC942}") = "Secondary_index", "Secondary_index\Secondary_index.vcxproj", "{912BB9CA-3DE7-4246-AC42-5F6049402BB9}"
EndProject
Project("{8BC9CEB8-8B4A-11D0-8D11-00A0C91BC942}") = "Secondary_index_author", "Secondary_index_author\Secondary_index_author.vcxproj", "{F9060BFF-C245-45E8-ACE7-9DB8224259EA}"
EndProject
Project("{2150E333-8FDC-42A3-9474-1A3956D46DE8}") = "Week2", "Week2", "{C6CF4FD0-4110-42F0-943B-12E565046818}"
EndProject
Project("{8BC9CEB8-8B4A-11D0-8D11-00A0C91BC942}") = "Spendings_xml", "Spendings_xml\Spendings_xml.vcxproj", "{2185B1BD-DAE2-4D00-9C39-1E6A2272022C}"
EndProject
Project("{8BC9CEB8-8B4A-11D0-8D11-00A0C91BC942}") = "Spendings_json", "Spendings_json\Spendings_json.vcxproj", "{8D32C3E7-B1EE-47B7-B095-365D394293E2}"
EndProject
Project("{8BC9CEB8-8B4A-11D0-8D11-00A0C91BC942}") = "test_ini", "test_in\test_in.vcxproj", "{CB46B1D5-E52F-414A-A1D4-D36416C3B35A}"
EndProject
Project("{8BC9CEB8-8B4A-11D0-8D11-00A0C91BC942}") = "Refactoring", "Refactoring\Refactoring.vcxproj", "{1EFC5DFC-0176-426C-9225-651B8AB5B6DE}"
EndProject
Project("{8BC9CEB8-8B4A-11D0-8D11-00A0C91BC942}") = "Stats_aggregator", "Stats_aggregator\Stats_aggregator.vcxproj", "{53DCD8BE-5CCD-4A68-871E-34D28DFB1AAB}"
EndProject
Project("{8BC9CEB8-8B4A-11D0-8D11-00A0C91BC942}") = "Stats_aggregator_2", "Stats_aggregator_2\Stats_aggregator_2.vcxproj", "{8E8B2F31-9D1F-4866-8C27-7E4CEA56B1C2}"
EndProject
Project("{8BC9CEB8-8B4A-11D0-8D11-00A0C91BC942}") = "DoubleDispatch", "DoubleDispatch\DoubleDispatch.vcxproj", "{003DBEE1-BBF7-49E9-8781-895672FA9CB0}"
EndProject
Project("{8BC9CEB8-8B4A-11D0-8D11-00A0C91BC942}") = "Comment_server", "Comment_server\Comment_server.vcxproj", "{7558B3FE-2AD5-4115-B6A0-04FE3DEF42FB}"
EndProject
Project("{8BC9CEB8-8B4A-11D0-8D11-00A0C91BC942}") = "Comment_server_author", "Comment_server_author\Comment_server_author.vcxproj", "{B78D1C1F-702D-41E0-A835-C81CBDD848EE}"
EndProject
Project("{8BC9CEB8-8B4A-11D0-8D11-00A0C91BC942}") = "Print_stats_2", "Print_stats_2\Print_stats_2.vcxproj", "{1C498E44-6BEE-432B-855F-5656A142D923}"
EndProject
Project("{2150E333-8FDC-42A3-9474-1A3956D46DE8}") = "Week3", "Week3", "{17C015B3-2FEA-483E-B74B-CED4691CBC41}"
EndProject
Global
	GlobalSection(SolutionConfigurationPlatforms) = preSolution
		Debug|x64 = Debug|x64
		Debug|x86 = Debug|x86
		Release|x64 = Release|x64
		Release|x86 = Release|x86
	EndGlobalSection
	GlobalSection(ProjectConfigurationPlatforms) = postSolution
		{E204010F-B37B-4814-B545-AC8221F08F65}.Debug|x64.ActiveCfg = Debug|x64
		{E204010F-B37B-4814-B545-AC8221F08F65}.Debug|x64.Build.0 = Debug|x64
		{E204010F-B37B-4814-B545-AC8221F08F65}.Debug|x86.ActiveCfg = Debug|Win32
		{E204010F-B37B-4814-B545-AC8221F08F65}.Debug|x86.Build.0 = Debug|Win32
		{E204010F-B37B-4814-B545-AC8221F08F65}.Release|x64.ActiveCfg = Release|x64
		{E204010F-B37B-4814-B545-AC8221F08F65}.Release|x64.Build.0 = Release|x64
		{E204010F-B37B-4814-B545-AC8221F08F65}.Release|x86.ActiveCfg = Release|Win32
		{E204010F-B37B-4814-B545-AC8221F08F65}.Release|x86.Build.0 = Release|Win32
		{3ACE583A-D77B-42AD-8ABC-9393716F9D21}.Debug|x64.ActiveCfg = Debug|x64
		{3ACE583A-D77B-42AD-8ABC-9393716F9D21}.Debug|x64.Build.0 = Debug|x64
		{3ACE583A-D77B-42AD-8ABC-9393716F9D21}.Debug|x86.ActiveCfg = Debug|Win32
		{3ACE583A-D77B-42AD-8ABC-9393716F9D21}.Debug|x86.Build.0 = Debug|Win32
		{3ACE583A-D77B-42AD-8ABC-9393716F9D21}.Release|x64.ActiveCfg = Release|x64
		{3ACE583A-D77B-42AD-8ABC-9393716F9D21}.Release|x64.Build.0 = Release|x64
		{3ACE583A-D77B-42AD-8ABC-9393716F9D21}.Release|x86.ActiveCfg = Release|Win32
		{3ACE583A-D77B-42AD-8ABC-9393716F9D21}.Release|x86.Build.0 = Release|Win32
		{E47F6529-3B4A-44BD-8674-855B1E3DEC39}.Debug|x64.ActiveCfg = Debug|x64
		{E47F6529-3B4A-44BD-8674-855B1E3DEC39}.Debug|x64.Build.0 = Debug|x64
		{E47F6529-3B4A-44BD-8674-855B1E3DEC39}.Debug|x86.ActiveCfg = Debug|Win32
		{E47F6529-3B4A-44BD-8674-855B1E3DEC39}.Debug|x86.Build.0 = Debug|Win32
		{E47F6529-3B4A-44BD-8674-855B1E3DEC39}.Release|x64.ActiveCfg = Release|x64
		{E47F6529-3B4A-44BD-8674-855B1E3DEC39}.Release|x64.Build.0 = Release|x64
		{E47F6529-3B4A-44BD-8674-855B1E3DEC39}.Release|x86.ActiveCfg = Release|Win32
		{E47F6529-3B4A-44BD-8674-855B1E3DEC39}.Release|x86.Build.0 = Release|Win32
		{70BAAD8C-19DA-418A-92E0-5DEE455EAC3E}.Debug|x64.ActiveCfg = Debug|x64
		{70BAAD8C-19DA-418A-92E0-5DEE455EAC3E}.Debug|x64.Build.0 = Debug|x64
		{70BAAD8C-19DA-418A-92E0-5DEE455EAC3E}.Debug|x86.ActiveCfg = Debug|Win32
		{70BAAD8C-19DA-418A-92E0-5DEE455EAC3E}.Debug|x86.Build.0 = Debug|Win32
		{70BAAD8C-19DA-418A-92E0-5DEE455EAC3E}.Release|x64.ActiveCfg = Release|x64
		{70BAAD8C-19DA-418A-92E0-5DEE455EAC3E}.Release|x64.Build.0 = Release|x64
		{70BAAD8C-19DA-418A-92E0-5DEE455EAC3E}.Release|x86.ActiveCfg = Release|Win32
		{70BAAD8C-19DA-418A-92E0-5DEE455EAC3E}.Release|x86.Build.0 = Release|Win32
		{78F0C922-B13B-4FAB-96CE-5C2D8E4D1B56}.Debug|x64.ActiveCfg = Debug|x64
		{78F0C922-B13B-4FAB-96CE-5C2D8E4D1B56}.Debug|x64.Build.0 = Debug|x64
		{78F0C922-B13B-4FAB-96CE-5C2D8E4D1B56}.Debug|x86.ActiveCfg = Debug|Win32
		{78F0C922-B13B-4FAB-96CE-5C2D8E4D1B56}.Debug|x86.Build.0 = Debug|Win32
		{78F0C922-B13B-4FAB-96CE-5C2D8E4D1B56}.Release|x64.ActiveCfg = Release|x64
		{78F0C922-B13B-4FAB-96CE-5C2D8E4D1B56}.Release|x64.Build.0 = Release|x64
		{78F0C922-B13B-4FAB-96CE-5C2D8E4D1B56}.Release|x86.ActiveCfg = Release|Win32
		{78F0C922-B13B-4FAB-96CE-5C2D8E4D1B56}.Release|x86.Build.0 = Release|Win32
		{81DF5064-1CCE-4D53-B10E-44AB6703C4EE}.Debug|x64.ActiveCfg = Debug|x64
		{81DF5064-1CCE-4D53-B10E-44AB6703C4EE}.Debug|x64.Build.0 = Debug|x64
		{81DF5064-1CCE-4D53-B10E-44AB6703C4EE}.Debug|x86.ActiveCfg = Debug|Win32
		{81DF5064-1CCE-4D53-B10E-44AB6703C4EE}.Debug|x86.Build.0 = Debug|Win32
		{81DF5064-1CCE-4D53-B10E-44AB6703C4EE}.Release|x64.ActiveCfg = Release|x64
		{81DF5064-1CCE-4D53-B10E-44AB6703C4EE}.Release|x64.Build.0 = Release|x64
		{81DF5064-1CCE-4D53-B10E-44AB6703C4EE}.Release|x86.ActiveCfg = Release|Win32
		{81DF5064-1CCE-4D53-B10E-44AB6703C4EE}.Release|x86.Build.0 = Release|Win32
		{8699ADE7-11DD-493F-BB52-8F9C9E54E6F5}.Debug|x64.ActiveCfg = Debug|x64
		{8699ADE7-11DD-493F-BB52-8F9C9E54E6F5}.Debug|x64.Build.0 = Debug|x64
		{8699ADE7-11DD-493F-BB52-8F9C9E54E6F5}.Debug|x86.ActiveCfg = Debug|Win32
		{8699ADE7-11DD-493F-BB52-8F9C9E54E6F5}.Debug|x86.Build.0 = Debug|Win32
		{8699ADE7-11DD-493F-BB52-8F9C9E54E6F5}.Release|x64.ActiveCfg = Release|x64
		{8699ADE7-11DD-493F-BB52-8F9C9E54E6F5}.Release|x64.Build.0 = Release|x64
		{8699ADE7-11DD-493F-BB52-8F9C9E54E6F5}.Release|x86.ActiveCfg = Release|Win32
		{8699ADE7-11DD-493F-BB52-8F9C9E54E6F5}.Release|x86.Build.0 = Release|Win32
		{2A0A6EF9-7B95-460D-AB6A-9F47B755A01A}.Debug|x64.ActiveCfg = Debug|x64
		{2A0A6EF9-7B95-460D-AB6A-9F47B755A01A}.Debug|x64.Build.0 = Debug|x64
		{2A0A6EF9-7B95-460D-AB6A-9F47B755A01A}.Debug|x86.ActiveCfg = Debug|Win32
		{2A0A6EF9-7B95-460D-AB6A-9F47B755A01A}.Debug|x86.Build.0 = Debug|Win32
		{2A0A6EF9-7B95-460D-AB6A-9F47B755A01A}.Release|x64.ActiveCfg = Release|x64
		{2A0A6EF9-7B95-460D-AB6A-9F47B755A01A}.Release|x64.Build.0 = Release|x64
		{2A0A6EF9-7B95-460D-AB6A-9F47B755A01A}.Release|x86.ActiveCfg = Release|Win32
		{2A0A6EF9-7B95-460D-AB6A-9F47B755A01A}.Release|x86.Build.0 = Release|Win32
		{912BB9CA-3DE7-4246-AC42-5F6049402BB9}.Debug|x64.ActiveCfg = Debug|x64
		{912BB9CA-3DE7-4246-AC42-5F6049402BB9}.Debug|x64.Build.0 = Debug|x64
		{912BB9CA-3DE7-4246-AC42-5F6049402BB9}.Debug|x86.ActiveCfg = Debug|Win32
		{912BB9CA-3DE7-4246-AC42-5F6049402BB9}.Debug|x86.Build.0 = Debug|Win32
		{912BB9CA-3DE7-4246-AC42-5F6049402BB9}.Release|x64.ActiveCfg = Release|x64
		{912BB9CA-3DE7-4246-AC42-5F6049402BB9}.Release|x64.Build.0 = Release|x64
		{912BB9CA-3DE7-4246-AC42-5F6049402BB9}.Release|x86.ActiveCfg = Release|Win32
		{912BB9CA-3DE7-4246-AC42-5F6049402BB9}.Release|x86.Build.0 = Release|Win32
		{F9060BFF-C245-45E8-ACE7-9DB8224259EA}.Debug|x64.ActiveCfg = Debug|x64
		{F9060BFF-C245-45E8-ACE7-9DB8224259EA}.Debug|x64.Build.0 = Debug|x64
		{F9060BFF-C245-45E8-ACE7-9DB8224259EA}.Debug|x86.ActiveCfg = Debug|Win32
		{F9060BFF-C245-45E8-ACE7-9DB8224259EA}.Debug|x86.Build.0 = Debug|Win32
		{F9060BFF-C245-45E8-ACE7-9DB8224259EA}.Release|x64.ActiveCfg = Release|x64
		{F9060BFF-C245-45E8-ACE7-9DB8224259EA}.Release|x64.Build.0 = Release|x64
		{F9060BFF-C245-45E8-ACE7-9DB8224259EA}.Release|x86.ActiveCfg = Release|Win32
		{F9060BFF-C245-45E8-ACE7-9DB8224259EA}.Release|x86.Build.0 = Release|Win32
		{2185B1BD-DAE2-4D00-9C39-1E6A2272022C}.Debug|x64.ActiveCfg = Debug|x64
		{2185B1BD-DAE2-4D00-9C39-1E6A2272022C}.Debug|x64.Build.0 = Debug|x64
		{2185B1BD-DAE2-4D00-9C39-1E6A2272022C}.Debug|x86.ActiveCfg = Debug|Win32
		{2185B1BD-DAE2-4D00-9C39-1E6A2272022C}.Debug|x86.Build.0 = Debug|Win32
		{2185B1BD-DAE2-4D00-9C39-1E6A2272022C}.Release|x64.ActiveCfg = Release|x64
		{2185B1BD-DAE2-4D00-9C39-1E6A2272022C}.Release|x64.Build.0 = Release|x64
		{2185B1BD-DAE2-4D00-9C39-1E6A2272022C}.Release|x86.ActiveCfg = Release|Win32
		{2185B1BD-DAE2-4D00-9C39-1E6A2272022C}.Release|x86.Build.0 = Release|Win32
		{8D32C3E7-B1EE-47B7-B095-365D394293E2}.Debug|x64.ActiveCfg = Debug|x64
		{8D32C3E7-B1EE-47B7-B095-365D394293E2}.Debug|x64.Build.0 = Debug|x64
		{8D32C3E7-B1EE-47B7-B095-365D394293E2}.Debug|x86.ActiveCfg = Debug|Win32
		{8D32C3E7-B1EE-47B7-B095-365D394293E2}.Debug|x86.Build.0 = Debug|Win32
		{8D32C3E7-B1EE-47B7-B095-365D394293E2}.Release|x64.ActiveCfg = Release|x64
		{8D32C3E7-B1EE-47B7-B095-365D394293E2}.Release|x64.Build.0 = Release|x64
		{8D32C3E7-B1EE-47B7-B095-365D394293E2}.Release|x86.ActiveCfg = Release|Win32
		{8D32C3E7-B1EE-47B7-B095-365D394293E2}.Release|x86.Build.0 = Release|Win32
		{CB46B1D5-E52F-414A-A1D4-D36416C3B35A}.Debug|x64.ActiveCfg = Debug|x64
		{CB46B1D5-E52F-414A-A1D4-D36416C3B35A}.Debug|x64.Build.0 = Debug|x64
		{CB46B1D5-E52F-414A-A1D4-D36416C3B35A}.Debug|x86.ActiveCfg = Debug|Win32
		{CB46B1D5-E52F-414A-A1D4-D36416C3B35A}.Debug|x86.Build.0 = Debug|Win32
		{CB46B1D5-E52F-414A-A1D4-D36416C3B35A}.Release|x64.ActiveCfg = Release|x64
		{CB46B1D5-E52F-414A-A1D4-D36416C3B35A}.Release|x64.Build.0 = Release|x64
		{CB46B1D5-E52F-414A-A1D4-D36416C3B35A}.Release|x86.ActiveCfg = Release|Win32
		{CB46B1D5-E52F-414A-A1D4-D36416C3B35A}.Release|x86.Build.0 = Release|Win32
		{1EFC5DFC-0176-426C-9225-651B8AB5B6DE}.Debug|x64.ActiveCfg = Debug|x64
		{1EFC5DFC-0176-426C-9225-651B8AB5B6DE}.Debug|x64.Build.0 = Debug|x64
		{1EFC5DFC-0176-426C-9225-651B8AB5B6DE}.Debug|x86.ActiveCfg = Debug|Win32
		{1EFC5DFC-0176-426C-9225-651B8AB5B6DE}.Debug|x86.Build.0 = Debug|Win32
		{1EFC5DFC-0176-426C-9225-651B8AB5B6DE}.Release|x64.ActiveCfg = Release|x64
		{1EFC5DFC-0176-426C-9225-651B8AB5B6DE}.Release|x64.Build.0 = Release|x64
		{1EFC5DFC-0176-426C-9225-651B8AB5B6DE}.Release|x86.ActiveCfg = Release|Win32
		{1EFC5DFC-0176-426C-9225-651B8AB5B6DE}.Release|x86.Build.0 = Release|Win32
		{53DCD8BE-5CCD-4A68-871E-34D28DFB1AAB}.Debug|x64.ActiveCfg = Debug|x64
		{53DCD8BE-5CCD-4A68-871E-34D28DFB1AAB}.Debug|x64.Build.0 = Debug|x64
		{53DCD8BE-5CCD-4A68-871E-34D28DFB1AAB}.Debug|x86.ActiveCfg = Debug|Win32
		{53DCD8BE-5CCD-4A68-871E-34D28DFB1AAB}.Debug|x86.Build.0 = Debug|Win32
		{53DCD8BE-5CCD-4A68-871E-34D28DFB1AAB}.Release|x64.ActiveCfg = Release|x64
		{53DCD8BE-5CCD-4A68-871E-34D28DFB1AAB}.Release|x64.Build.0 = Release|x64
		{53DCD8BE-5CCD-4A68-871E-34D28DFB1AAB}.Release|x86.ActiveCfg = Release|Win32
		{53DCD8BE-5CCD-4A68-871E-34D28DFB1AAB}.Release|x86.Build.0 = Release|Win32
		{8E8B2F31-9D1F-4866-8C27-7E4CEA56B1C2}.Debug|x64.ActiveCfg = Debug|x64
		{8E8B2F31-9D1F-4866-8C27-7E4CEA56B1C2}.Debug|x64.Build.0 = Debug|x64
		{8E8B2F31-9D1F-4866-8C27-7E4CEA56B1C2}.Debug|x86.ActiveCfg = Debug|Win32
		{8E8B2F31-9D1F-4866-8C27-7E4CEA56B1C2}.Debug|x86.Build.0 = Debug|Win32
		{8E8B2F31-9D1F-4866-8C27-7E4CEA56B1C2}.Release|x64.ActiveCfg = Release|x64
		{8E8B2F31-9D1F-4866-8C27-7E4CEA56B1C2}.Release|x64.Build.0 = Release|x64
		{8E8B2F31-9D1F-4866-8C27-7E4CEA56B1C2}.Release|x86.ActiveCfg = Release|Win32
		{8E8B2F31-9D1F-4866-8C27-7E4CEA56B1C2}.Release|x86.Build.0 = Release|Win32
		{003DBEE1-BBF7-49E9-8781-895672FA9CB0}.Debug|x64.ActiveCfg = Debug|x64
		{003DBEE1-BBF7-49E9-8781-895672FA9CB0}.Debug|x64.Build.0 = Debug|x64
		{003DBEE1-BBF7-49E9-8781-895672FA9CB0}.Debug|x86.ActiveCfg = Debug|Win32
		{003DBEE1-BBF7-49E9-8781-895672FA9CB0}.Debug|x86.Build.0 = Debug|Win32
		{003DBEE1-BBF7-49E9-8781-895672FA9CB0}.Release|x64.ActiveCfg = Release|x64
		{003DBEE1-BBF7-49E9-8781-895672FA9CB0}.Release|x64.Build.0 = Release|x64
		{003DBEE1-BBF7-49E9-8781-895672FA9CB0}.Release|x86.ActiveCfg = Release|Win32
		{003DBEE1-BBF7-49E9-8781-895672FA9CB0}.Release|x86.Build.0 = Release|Win32
		{7558B3FE-2AD5-4115-B6A0-04FE3DEF42FB}.Debug|x64.ActiveCfg = Debug|x64
		{7558B3FE-2AD5-4115-B6A0-04FE3DEF42FB}.Debug|x64.Build.0 = Debug|x64
		{7558B3FE-2AD5-4115-B6A0-04FE3DEF42FB}.Debug|x86.ActiveCfg = Debug|Win32
		{7558B3FE-2AD5-4115-B6A0-04FE3DEF42FB}.Debug|x86.Build.0 = Debug|Win32
		{7558B3FE-2AD5-4115-B6A0-04FE3DEF42FB}.Release|x64.ActiveCfg = Release|x64
		{7558B3FE-2AD5-4115-B6A0-04FE3DEF42FB}.Release|x64.Build.0 = Release|x64
		{7558B3FE-2AD5-4115-B6A0-04FE3DEF42FB}.Release|x86.ActiveCfg = Release|Win32
		{7558B3FE-2AD5-4115-B6A0-04FE3DEF42FB}.Release|x86.Build.0 = Release|Win32
		{B78D1C1F-702D-41E0-A835-C81CBDD848EE}.Debug|x64.ActiveCfg = Debug|x64
		{B78D1C1F-702D-41E0-A835-C81CBDD848EE}.Debug|x64.Build.0 = Debug|x64
		{B78D1C1F-702D-41E0-A835-C81CBDD848EE}.Debug|x86.ActiveCfg = Debug|Win32
		{B78D1C1F-702D-41E0-A835-C81CBDD848EE}.Debug|x86.Build.0 = Debug|Win32
		{B78D1C1F-702D-41E0-A835-C81CBDD848EE}.Release|x64.ActiveCfg = Release|x64
		{B78D1C1F-702D-41E0-A835-C81CBDD848EE}.Release|x64.Build.0 = Release|x64
		{B78D1C1F-702D-41E0-A835-C81CBDD848EE}.Release|x86.ActiveCfg = Release|Win32
		{B78D1C1F-702D-41E0-A835-C81CBDD848EE}.Release|x86.Build.0 = Release|Win32
		{1C498E44-6BEE-432B-855F-5656A142D923}.Debug|x64.ActiveCfg = Debug|x64
		{1C498E44-6BEE-432B-855F-5656A142D923}.Debug|x64.Build.0 = Debug|x64
		{1C498E44-6BEE-432B-855F-5656A142D923}.Debug|x86.ActiveCfg = Debug|Win32
		{1C498E44-6BEE-432B-855F-5656A142D923}.Debug|x86.Build.0 = Debug|Win32
		{1C498E44-6BEE-432B-855F-5656A142D923}.Release|x64.ActiveCfg = Release|x64
		{1C498E44-6BEE-432B-855F-5656A142D923}.Release|x64.Build.0 = Release|x64
		{1C498E44-6BEE-432B-855F-5656A142D923}.Release|x86.ActiveCfg = Release|Win32
		{1C498E44-6BEE-432B-855F-5656A142D923}.Release|x86.Build.0 = Release|Win32
	EndGlobalSection
	GlobalSection(SolutionProperties) = preSolution
		HideSolutionNode = FALSE
	EndGlobalSection
	GlobalSection(NestedProjects) = preSolution
		{E204010F-B37B-4814-B545-AC8221F08F65} = {7C1D5128-1CFF-4AD1-825C-160A8490D3BF}
		{3ACE583A-D77B-42AD-8ABC-9393716F9D21} = {7C1D5128-1CFF-4AD1-825C-160A8490D3BF}
		{E47F6529-3B4A-44BD-8674-855B1E3DEC39} = {7C1D5128-1CFF-4AD1-825C-160A8490D3BF}
		{70BAAD8C-19DA-418A-92E0-5DEE455EAC3E} = {7C1D5128-1CFF-4AD1-825C-160A8490D3BF}
		{78F0C922-B13B-4FAB-96CE-5C2D8E4D1B56} = {7C1D5128-1CFF-4AD1-825C-160A8490D3BF}
		{81DF5064-1CCE-4D53-B10E-44AB6703C4EE} = {7C1D5128-1CFF-4AD1-825C-160A8490D3BF}
		{8699ADE7-11DD-493F-BB52-8F9C9E54E6F5} = {7C1D5128-1CFF-4AD1-825C-160A8490D3BF}
		{2A0A6EF9-7B95-460D-AB6A-9F47B755A01A} = {7C1D5128-1CFF-4AD1-825C-160A8490D3BF}
		{912BB9CA-3DE7-4246-AC42-5F6049402BB9} = {7C1D5128-1CFF-4AD1-825C-160A8490D3BF}
		{F9060BFF-C245-45E8-ACE7-9DB8224259EA} = {7C1D5128-1CFF-4AD1-825C-160A8490D3BF}
		{2185B1BD-DAE2-4D00-9C39-1E6A2272022C} = {C6CF4FD0-4110-42F0-943B-12E565046818}
		{8D32C3E7-B1EE-47B7-B095-365D394293E2} = {C6CF4FD0-4110-42F0-943B-12E565046818}
		{CB46B1D5-E52F-414A-A1D4-D36416C3B35A} = {C6CF4FD0-4110-42F0-943B-12E565046818}
		{1EFC5DFC-0176-426C-9225-651B8AB5B6DE} = {C6CF4FD0-4110-42F0-943B-12E565046818}
		{53DCD8BE-5CCD-4A68-871E-34D28DFB1AAB} = {C6CF4FD0-4110-42F0-943B-12E565046818}
		{8E8B2F31-9D1F-4866-8C27-7E4CEA56B1C2} = {C6CF4FD0-4110-42F0-943B-12E565046818}
		{003DBEE1-BBF7-49E9-8781-895672FA9CB0} = {C6CF4FD0-4110-42F0-943B-12E565046818}
		{7558B3FE-2AD5-4115-B6A0-04FE3DEF42FB} = {C6CF4FD0-4110-42F0-943B-12E565046818}
		{B78D1C1F-702D-41E0-A835-C81CBDD848EE} = {C6CF4FD0-4110-42F0-943B-12E565046818}
		{1C498E44-6BEE-432B-855F-5656A142D923} = {17C015B3-2FEA-483E-B74B-CED4691CBC41}
	EndGlobalSection
	GlobalSection(ExtensibilityGlobals) = postSolution
		SolutionGuid = {14157B9D-6A1C-41E8-A75E-BC0A2AEAFF09}
	EndGlobalSection
EndGlobal
