
Microsoft Visual Studio Solution File, Format Version 12.00
# Visual Studio 15
VisualStudioVersion = 15.0.28307.1022
MinimumVisualStudioVersion = 10.0.40219.1
Project("{8BC9CEB8-8B4A-11D0-8D11-00A0C91BC942}") = "CourseraYellowBelt", "CourseraYellowBelt\CourseraYellowBelt.vcxproj", "{CA8BFDC5-04AB-4256-8854-8E3D9F8BD7B1}"
EndProject
Project("{8BC9CEB8-8B4A-11D0-8D11-00A0C91BC942}") = "Matrix_Sum", "Matrix_Sum\Matrix_Sum.vcxproj", "{F706B01C-0CBF-4D26-B67C-3A19381C9E88}"
EndProject
Project("{2150E333-8FDC-42A3-9474-1A3956D46DE8}") = "Week1", "Week1", "{4BBA48A3-991F-4828-811F-91F3B7DEFF95}"
EndProject
Project("{8BC9CEB8-8B4A-11D0-8D11-00A0C91BC942}") = "AvgTemp2", "AvgTemp2\AvgTemp2.vcxproj", "{FDBAE7E8-ECA6-4E63-8F97-FEE9418BE405}"
EndProject
Project("{8BC9CEB8-8B4A-11D0-8D11-00A0C91BC942}") = "MassOfBlocks", "MassOfBlocks\MassOfBlocks.vcxproj", "{6419A522-13E2-4AA9-A06D-24DAA31CF651}"
EndProject
Project("{8BC9CEB8-8B4A-11D0-8D11-00A0C91BC942}") = "VectorNM", "VectorNM\VectorNM.vcxproj", "{EEC82A3B-DAAA-470B-B810-EBCB1EC9A2FA}"
EndProject
Project("{8BC9CEB8-8B4A-11D0-8D11-00A0C91BC942}") = "MapCPP17", "MapCPP17\MapCPP17.vcxproj", "{69476BED-4893-4400-8C33-7196F7578CB1}"
EndProject
Project("{8BC9CEB8-8B4A-11D0-8D11-00A0C91BC942}") = "RegionDB", "RegionDB\RegionDB.vcxproj", "{B1E0B3E3-DA72-4D11-9B41-29A80F5658E7}"
EndProject
Project("{8BC9CEB8-8B4A-11D0-8D11-00A0C91BC942}") = "VectorOfPairs", "VectorOfPairs\VectorOfPairs.vcxproj", "{14CF2355-F06B-461D-B351-8376743D43A9}"
EndProject
Project("{8BC9CEB8-8B4A-11D0-8D11-00A0C91BC942}") = "TeamTasks", "TeamTasks\TeamTasks.vcxproj", "{5A07BC1E-0BB0-436C-9DFB-71AD4E33E960}"
EndProject
Project("{8BC9CEB8-8B4A-11D0-8D11-00A0C91BC942}") = "MapInMap", "MapInMap\MapInMap.vcxproj", "{0D155230-1282-4BCC-B2EC-BE3A677FBD3F}"
EndProject
Project("{8BC9CEB8-8B4A-11D0-8D11-00A0C91BC942}") = "TemplateFunctions", "TemplateFunctions\TemplateFunctions.vcxproj", "{E7440701-B2D7-421D-8912-D377EDD0D709}"
EndProject
Project("{8BC9CEB8-8B4A-11D0-8D11-00A0C91BC942}") = "UniversalCout", "UniversalCout\UniversalCout.vcxproj", "{90FB9E5D-C9C0-4668-A685-3C7AE55E8B91}"
EndProject
Project("{8BC9CEB8-8B4A-11D0-8D11-00A0C91BC942}") = "SquareAll", "SquareAll\SquareAll.vcxproj", "{D6691EBD-BC3F-43A4-8753-2398DE297F2F}"
EndProject
Project("{8BC9CEB8-8B4A-11D0-8D11-00A0C91BC942}") = "GetElemRef", "GetElemRef\GetElemRef.vcxproj", "{CCC0DDBB-B8C8-4EC8-9D78-819C032126E0}"
EndProject
Project("{8BC9CEB8-8B4A-11D0-8D11-00A0C91BC942}") = "EnumOperOverload", "EnumOperOverload\EnumOperOverload.vcxproj", "{B3103F0D-0BF4-4E43-A51E-7A95C718EA24}"
EndProject
Project("{2150E333-8FDC-42A3-9474-1A3956D46DE8}") = "Week2", "Week2", "{C5DD68A3-175D-4467-8187-C1CC4F3DCE24}"
EndProject
Project("{8BC9CEB8-8B4A-11D0-8D11-00A0C91BC942}") = "ProgramDecomposition", "ProgramDecomposition\ProgramDecomposition.vcxproj", "{994F3997-B280-4606-AE3E-4380DBF9BA2A}"
EndProject
Project("{8BC9CEB8-8B4A-11D0-8D11-00A0C91BC942}") = "BusStopes1", "BusStopes1\BusStopes1.vcxproj", "{52B424D4-0EF3-48D3-A011-0EC0644ED939}"
EndProject
Project("{8BC9CEB8-8B4A-11D0-8D11-00A0C91BC942}") = "Test_equation", "Test_equation\Test_equation.vcxproj", "{CCA55924-A60F-4DDD-A85E-2D2D09E36FF2}"
EndProject
Project("{8BC9CEB8-8B4A-11D0-8D11-00A0C91BC942}") = "TsetClassPerson", "TsetClassPerson\TsetClassPerson.vcxproj", "{1283C44C-51A0-429C-92E5-FC260CECFA67}"
EndProject
Project("{8BC9CEB8-8B4A-11D0-8D11-00A0C91BC942}") = "TestClassRational", "TestClassRational\TestClassRational.vcxproj", "{C1E8BE5D-AE38-4BEF-9EEF-E22825770736}"
EndProject
Project("{8BC9CEB8-8B4A-11D0-8D11-00A0C91BC942}") = "TestFunctionIsPolindrom", "TestFunctionIsPolindrom\TestFunctionIsPolindrom.vcxproj", "{DAA4AA34-9B3E-46E1-BD3F-05707A69D6A4}"
EndProject
Project("{8BC9CEB8-8B4A-11D0-8D11-00A0C91BC942}") = "IsPalindrome", "IsPalindrome\IsPalindrome.vcxproj", "{DDC56E3D-D067-47E1-AA30-560E0D528FF1}"
EndProject
Project("{8BC9CEB8-8B4A-11D0-8D11-00A0C91BC942}") = "Sum_Reverse_Sort", "Sum_Reverse_Sort\Sum_Reverse_Sort.vcxproj", "{301B14B0-7C67-49F7-8785-72C6908BD6E9}"
EndProject
Project("{8BC9CEB8-8B4A-11D0-8D11-00A0C91BC942}") = "phone_numbers", "phone_numbers\phone_numbers.vcxproj", "{9AFE0D03-F680-4F8B-91BE-F0F086DCD212}"
EndProject
Project("{8BC9CEB8-8B4A-11D0-8D11-00A0C91BC942}") = "RectangleClassDeclaration", "RectangleClassDeclaration\RectangleClassDeclaration.vcxproj", "{04AF1FC1-877D-4369-931B-1AA3796EAB38}"
EndProject
Project("{8BC9CEB8-8B4A-11D0-8D11-00A0C91BC942}") = "ProgramDecomposition2", "ProgramDecomposition2\ProgramDecomposition2.vcxproj", "{0FAEA824-D5E4-4FE7-A121-EF3B94C96132}"
EndProject
Project("{8BC9CEB8-8B4A-11D0-8D11-00A0C91BC942}") = "ProgramDecomposition2Author", "ProgramDecomposition2Author\ProgramDecomposition2Author.vcxproj", "{14482469-7BFD-4701-9EAC-77EDD1D17E0A}"
EndProject
Project("{2150E333-8FDC-42A3-9474-1A3956D46DE8}") = "Week3", "Week3", "{92BCF6CE-5D3D-4EF6-B9AF-B3656B03B28A}"
EndProject
Project("{2150E333-8FDC-42A3-9474-1A3956D46DE8}") = "Week4", "Week4", "{EB9F3230-16F8-45FF-B745-26D3CB35FFFC}"
EndProject
Project("{8BC9CEB8-8B4A-11D0-8D11-00A0C91BC942}") = "VectorInterval", "VectorInterval\VectorInterval.vcxproj", "{0297589D-7030-44B9-B821-E87D194A0E85}"
EndProject
Project("{8BC9CEB8-8B4A-11D0-8D11-00A0C91BC942}") = "FindGreaterElements", "FindGreaterElements\FindGreaterElements.vcxproj", "{7C599E42-7712-4624-9AB7-0EE0D161A89C}"
EndProject
Project("{8BC9CEB8-8B4A-11D0-8D11-00A0C91BC942}") = "FindGreaterElementAuthor", "FindGreaterElementAuthor\FindGreaterElementAuthor.vcxproj", "{50B702C6-DB65-4BDB-A36B-22129FBD64C1}"
EndProject
Project("{8BC9CEB8-8B4A-11D0-8D11-00A0C91BC942}") = "SplitIntoWords", "SplitIntoWords\SplitIntoWords.vcxproj", "{ED9A2210-C7A4-4132-B1F5-4CFA02034B96}"
EndProject
Project("{8BC9CEB8-8B4A-11D0-8D11-00A0C91BC942}") = "IteratorsAndReverseIterator", "IteratorsAndReverseIterator\IteratorsAndReverseIterator.vcxproj", "{BD8DB8EA-1467-442A-B5B2-848D223501AB}"
EndProject
Project("{8BC9CEB8-8B4A-11D0-8D11-00A0C91BC942}") = "Test_iterator_usage", "Test_iterator_usage\Test_iterator_usage.vcxproj", "{20329773-5949-42A5-B219-63055F2601BD}"
EndProject
Global
	GlobalSection(SolutionConfigurationPlatforms) = preSolution
		Debug|x64 = Debug|x64
		Debug|x86 = Debug|x86
		Release|x64 = Release|x64
		Release|x86 = Release|x86
	EndGlobalSection
	GlobalSection(ProjectConfigurationPlatforms) = postSolution
		{CA8BFDC5-04AB-4256-8854-8E3D9F8BD7B1}.Debug|x64.ActiveCfg = Debug|x64
		{CA8BFDC5-04AB-4256-8854-8E3D9F8BD7B1}.Debug|x64.Build.0 = Debug|x64
		{CA8BFDC5-04AB-4256-8854-8E3D9F8BD7B1}.Debug|x86.ActiveCfg = Debug|Win32
		{CA8BFDC5-04AB-4256-8854-8E3D9F8BD7B1}.Debug|x86.Build.0 = Debug|Win32
		{CA8BFDC5-04AB-4256-8854-8E3D9F8BD7B1}.Release|x64.ActiveCfg = Release|x64
		{CA8BFDC5-04AB-4256-8854-8E3D9F8BD7B1}.Release|x64.Build.0 = Release|x64
		{CA8BFDC5-04AB-4256-8854-8E3D9F8BD7B1}.Release|x86.ActiveCfg = Release|Win32
		{CA8BFDC5-04AB-4256-8854-8E3D9F8BD7B1}.Release|x86.Build.0 = Release|Win32
		{F706B01C-0CBF-4D26-B67C-3A19381C9E88}.Debug|x64.ActiveCfg = Debug|x64
		{F706B01C-0CBF-4D26-B67C-3A19381C9E88}.Debug|x64.Build.0 = Debug|x64
		{F706B01C-0CBF-4D26-B67C-3A19381C9E88}.Debug|x86.ActiveCfg = Debug|Win32
		{F706B01C-0CBF-4D26-B67C-3A19381C9E88}.Debug|x86.Build.0 = Debug|Win32
		{F706B01C-0CBF-4D26-B67C-3A19381C9E88}.Release|x64.ActiveCfg = Release|x64
		{F706B01C-0CBF-4D26-B67C-3A19381C9E88}.Release|x64.Build.0 = Release|x64
		{F706B01C-0CBF-4D26-B67C-3A19381C9E88}.Release|x86.ActiveCfg = Release|Win32
		{F706B01C-0CBF-4D26-B67C-3A19381C9E88}.Release|x86.Build.0 = Release|Win32
		{FDBAE7E8-ECA6-4E63-8F97-FEE9418BE405}.Debug|x64.ActiveCfg = Debug|x64
		{FDBAE7E8-ECA6-4E63-8F97-FEE9418BE405}.Debug|x64.Build.0 = Debug|x64
		{FDBAE7E8-ECA6-4E63-8F97-FEE9418BE405}.Debug|x86.ActiveCfg = Debug|Win32
		{FDBAE7E8-ECA6-4E63-8F97-FEE9418BE405}.Debug|x86.Build.0 = Debug|Win32
		{FDBAE7E8-ECA6-4E63-8F97-FEE9418BE405}.Release|x64.ActiveCfg = Release|x64
		{FDBAE7E8-ECA6-4E63-8F97-FEE9418BE405}.Release|x64.Build.0 = Release|x64
		{FDBAE7E8-ECA6-4E63-8F97-FEE9418BE405}.Release|x86.ActiveCfg = Release|Win32
		{FDBAE7E8-ECA6-4E63-8F97-FEE9418BE405}.Release|x86.Build.0 = Release|Win32
		{6419A522-13E2-4AA9-A06D-24DAA31CF651}.Debug|x64.ActiveCfg = Debug|x64
		{6419A522-13E2-4AA9-A06D-24DAA31CF651}.Debug|x64.Build.0 = Debug|x64
		{6419A522-13E2-4AA9-A06D-24DAA31CF651}.Debug|x86.ActiveCfg = Debug|Win32
		{6419A522-13E2-4AA9-A06D-24DAA31CF651}.Debug|x86.Build.0 = Debug|Win32
		{6419A522-13E2-4AA9-A06D-24DAA31CF651}.Release|x64.ActiveCfg = Release|x64
		{6419A522-13E2-4AA9-A06D-24DAA31CF651}.Release|x64.Build.0 = Release|x64
		{6419A522-13E2-4AA9-A06D-24DAA31CF651}.Release|x86.ActiveCfg = Release|Win32
		{6419A522-13E2-4AA9-A06D-24DAA31CF651}.Release|x86.Build.0 = Release|Win32
		{EEC82A3B-DAAA-470B-B810-EBCB1EC9A2FA}.Debug|x64.ActiveCfg = Debug|x64
		{EEC82A3B-DAAA-470B-B810-EBCB1EC9A2FA}.Debug|x64.Build.0 = Debug|x64
		{EEC82A3B-DAAA-470B-B810-EBCB1EC9A2FA}.Debug|x86.ActiveCfg = Debug|Win32
		{EEC82A3B-DAAA-470B-B810-EBCB1EC9A2FA}.Debug|x86.Build.0 = Debug|Win32
		{EEC82A3B-DAAA-470B-B810-EBCB1EC9A2FA}.Release|x64.ActiveCfg = Release|x64
		{EEC82A3B-DAAA-470B-B810-EBCB1EC9A2FA}.Release|x64.Build.0 = Release|x64
		{EEC82A3B-DAAA-470B-B810-EBCB1EC9A2FA}.Release|x86.ActiveCfg = Release|Win32
		{EEC82A3B-DAAA-470B-B810-EBCB1EC9A2FA}.Release|x86.Build.0 = Release|Win32
		{69476BED-4893-4400-8C33-7196F7578CB1}.Debug|x64.ActiveCfg = Debug|x64
		{69476BED-4893-4400-8C33-7196F7578CB1}.Debug|x64.Build.0 = Debug|x64
		{69476BED-4893-4400-8C33-7196F7578CB1}.Debug|x86.ActiveCfg = Debug|Win32
		{69476BED-4893-4400-8C33-7196F7578CB1}.Debug|x86.Build.0 = Debug|Win32
		{69476BED-4893-4400-8C33-7196F7578CB1}.Release|x64.ActiveCfg = Release|x64
		{69476BED-4893-4400-8C33-7196F7578CB1}.Release|x64.Build.0 = Release|x64
		{69476BED-4893-4400-8C33-7196F7578CB1}.Release|x86.ActiveCfg = Release|Win32
		{69476BED-4893-4400-8C33-7196F7578CB1}.Release|x86.Build.0 = Release|Win32
		{B1E0B3E3-DA72-4D11-9B41-29A80F5658E7}.Debug|x64.ActiveCfg = Debug|x64
		{B1E0B3E3-DA72-4D11-9B41-29A80F5658E7}.Debug|x64.Build.0 = Debug|x64
		{B1E0B3E3-DA72-4D11-9B41-29A80F5658E7}.Debug|x86.ActiveCfg = Debug|Win32
		{B1E0B3E3-DA72-4D11-9B41-29A80F5658E7}.Debug|x86.Build.0 = Debug|Win32
		{B1E0B3E3-DA72-4D11-9B41-29A80F5658E7}.Release|x64.ActiveCfg = Release|x64
		{B1E0B3E3-DA72-4D11-9B41-29A80F5658E7}.Release|x64.Build.0 = Release|x64
		{B1E0B3E3-DA72-4D11-9B41-29A80F5658E7}.Release|x86.ActiveCfg = Release|Win32
		{B1E0B3E3-DA72-4D11-9B41-29A80F5658E7}.Release|x86.Build.0 = Release|Win32
		{14CF2355-F06B-461D-B351-8376743D43A9}.Debug|x64.ActiveCfg = Debug|x64
		{14CF2355-F06B-461D-B351-8376743D43A9}.Debug|x64.Build.0 = Debug|x64
		{14CF2355-F06B-461D-B351-8376743D43A9}.Debug|x86.ActiveCfg = Debug|Win32
		{14CF2355-F06B-461D-B351-8376743D43A9}.Debug|x86.Build.0 = Debug|Win32
		{14CF2355-F06B-461D-B351-8376743D43A9}.Release|x64.ActiveCfg = Release|x64
		{14CF2355-F06B-461D-B351-8376743D43A9}.Release|x64.Build.0 = Release|x64
		{14CF2355-F06B-461D-B351-8376743D43A9}.Release|x86.ActiveCfg = Release|Win32
		{14CF2355-F06B-461D-B351-8376743D43A9}.Release|x86.Build.0 = Release|Win32
		{5A07BC1E-0BB0-436C-9DFB-71AD4E33E960}.Debug|x64.ActiveCfg = Debug|x64
		{5A07BC1E-0BB0-436C-9DFB-71AD4E33E960}.Debug|x64.Build.0 = Debug|x64
		{5A07BC1E-0BB0-436C-9DFB-71AD4E33E960}.Debug|x86.ActiveCfg = Debug|Win32
		{5A07BC1E-0BB0-436C-9DFB-71AD4E33E960}.Debug|x86.Build.0 = Debug|Win32
		{5A07BC1E-0BB0-436C-9DFB-71AD4E33E960}.Release|x64.ActiveCfg = Release|x64
		{5A07BC1E-0BB0-436C-9DFB-71AD4E33E960}.Release|x64.Build.0 = Release|x64
		{5A07BC1E-0BB0-436C-9DFB-71AD4E33E960}.Release|x86.ActiveCfg = Release|Win32
		{5A07BC1E-0BB0-436C-9DFB-71AD4E33E960}.Release|x86.Build.0 = Release|Win32
		{0D155230-1282-4BCC-B2EC-BE3A677FBD3F}.Debug|x64.ActiveCfg = Debug|x64
		{0D155230-1282-4BCC-B2EC-BE3A677FBD3F}.Debug|x64.Build.0 = Debug|x64
		{0D155230-1282-4BCC-B2EC-BE3A677FBD3F}.Debug|x86.ActiveCfg = Debug|Win32
		{0D155230-1282-4BCC-B2EC-BE3A677FBD3F}.Debug|x86.Build.0 = Debug|Win32
		{0D155230-1282-4BCC-B2EC-BE3A677FBD3F}.Release|x64.ActiveCfg = Release|x64
		{0D155230-1282-4BCC-B2EC-BE3A677FBD3F}.Release|x64.Build.0 = Release|x64
		{0D155230-1282-4BCC-B2EC-BE3A677FBD3F}.Release|x86.ActiveCfg = Release|Win32
		{0D155230-1282-4BCC-B2EC-BE3A677FBD3F}.Release|x86.Build.0 = Release|Win32
		{E7440701-B2D7-421D-8912-D377EDD0D709}.Debug|x64.ActiveCfg = Debug|x64
		{E7440701-B2D7-421D-8912-D377EDD0D709}.Debug|x64.Build.0 = Debug|x64
		{E7440701-B2D7-421D-8912-D377EDD0D709}.Debug|x86.ActiveCfg = Debug|Win32
		{E7440701-B2D7-421D-8912-D377EDD0D709}.Debug|x86.Build.0 = Debug|Win32
		{E7440701-B2D7-421D-8912-D377EDD0D709}.Release|x64.ActiveCfg = Release|x64
		{E7440701-B2D7-421D-8912-D377EDD0D709}.Release|x64.Build.0 = Release|x64
		{E7440701-B2D7-421D-8912-D377EDD0D709}.Release|x86.ActiveCfg = Release|Win32
		{E7440701-B2D7-421D-8912-D377EDD0D709}.Release|x86.Build.0 = Release|Win32
		{90FB9E5D-C9C0-4668-A685-3C7AE55E8B91}.Debug|x64.ActiveCfg = Debug|x64
		{90FB9E5D-C9C0-4668-A685-3C7AE55E8B91}.Debug|x64.Build.0 = Debug|x64
		{90FB9E5D-C9C0-4668-A685-3C7AE55E8B91}.Debug|x86.ActiveCfg = Debug|Win32
		{90FB9E5D-C9C0-4668-A685-3C7AE55E8B91}.Debug|x86.Build.0 = Debug|Win32
		{90FB9E5D-C9C0-4668-A685-3C7AE55E8B91}.Release|x64.ActiveCfg = Release|x64
		{90FB9E5D-C9C0-4668-A685-3C7AE55E8B91}.Release|x64.Build.0 = Release|x64
		{90FB9E5D-C9C0-4668-A685-3C7AE55E8B91}.Release|x86.ActiveCfg = Release|Win32
		{90FB9E5D-C9C0-4668-A685-3C7AE55E8B91}.Release|x86.Build.0 = Release|Win32
		{D6691EBD-BC3F-43A4-8753-2398DE297F2F}.Debug|x64.ActiveCfg = Debug|x64
		{D6691EBD-BC3F-43A4-8753-2398DE297F2F}.Debug|x64.Build.0 = Debug|x64
		{D6691EBD-BC3F-43A4-8753-2398DE297F2F}.Debug|x86.ActiveCfg = Debug|Win32
		{D6691EBD-BC3F-43A4-8753-2398DE297F2F}.Debug|x86.Build.0 = Debug|Win32
		{D6691EBD-BC3F-43A4-8753-2398DE297F2F}.Release|x64.ActiveCfg = Release|x64
		{D6691EBD-BC3F-43A4-8753-2398DE297F2F}.Release|x64.Build.0 = Release|x64
		{D6691EBD-BC3F-43A4-8753-2398DE297F2F}.Release|x86.ActiveCfg = Release|Win32
		{D6691EBD-BC3F-43A4-8753-2398DE297F2F}.Release|x86.Build.0 = Release|Win32
		{CCC0DDBB-B8C8-4EC8-9D78-819C032126E0}.Debug|x64.ActiveCfg = Debug|x64
		{CCC0DDBB-B8C8-4EC8-9D78-819C032126E0}.Debug|x64.Build.0 = Debug|x64
		{CCC0DDBB-B8C8-4EC8-9D78-819C032126E0}.Debug|x86.ActiveCfg = Debug|Win32
		{CCC0DDBB-B8C8-4EC8-9D78-819C032126E0}.Debug|x86.Build.0 = Debug|Win32
		{CCC0DDBB-B8C8-4EC8-9D78-819C032126E0}.Release|x64.ActiveCfg = Release|x64
		{CCC0DDBB-B8C8-4EC8-9D78-819C032126E0}.Release|x64.Build.0 = Release|x64
		{CCC0DDBB-B8C8-4EC8-9D78-819C032126E0}.Release|x86.ActiveCfg = Release|Win32
		{CCC0DDBB-B8C8-4EC8-9D78-819C032126E0}.Release|x86.Build.0 = Release|Win32
		{B3103F0D-0BF4-4E43-A51E-7A95C718EA24}.Debug|x64.ActiveCfg = Debug|x64
		{B3103F0D-0BF4-4E43-A51E-7A95C718EA24}.Debug|x64.Build.0 = Debug|x64
		{B3103F0D-0BF4-4E43-A51E-7A95C718EA24}.Debug|x86.ActiveCfg = Debug|Win32
		{B3103F0D-0BF4-4E43-A51E-7A95C718EA24}.Debug|x86.Build.0 = Debug|Win32
		{B3103F0D-0BF4-4E43-A51E-7A95C718EA24}.Release|x64.ActiveCfg = Release|x64
		{B3103F0D-0BF4-4E43-A51E-7A95C718EA24}.Release|x64.Build.0 = Release|x64
		{B3103F0D-0BF4-4E43-A51E-7A95C718EA24}.Release|x86.ActiveCfg = Release|Win32
		{B3103F0D-0BF4-4E43-A51E-7A95C718EA24}.Release|x86.Build.0 = Release|Win32
		{994F3997-B280-4606-AE3E-4380DBF9BA2A}.Debug|x64.ActiveCfg = Debug|x64
		{994F3997-B280-4606-AE3E-4380DBF9BA2A}.Debug|x64.Build.0 = Debug|x64
		{994F3997-B280-4606-AE3E-4380DBF9BA2A}.Debug|x86.ActiveCfg = Debug|Win32
		{994F3997-B280-4606-AE3E-4380DBF9BA2A}.Debug|x86.Build.0 = Debug|Win32
		{994F3997-B280-4606-AE3E-4380DBF9BA2A}.Release|x64.ActiveCfg = Release|x64
		{994F3997-B280-4606-AE3E-4380DBF9BA2A}.Release|x64.Build.0 = Release|x64
		{994F3997-B280-4606-AE3E-4380DBF9BA2A}.Release|x86.ActiveCfg = Release|Win32
		{994F3997-B280-4606-AE3E-4380DBF9BA2A}.Release|x86.Build.0 = Release|Win32
		{52B424D4-0EF3-48D3-A011-0EC0644ED939}.Debug|x64.ActiveCfg = Debug|x64
		{52B424D4-0EF3-48D3-A011-0EC0644ED939}.Debug|x64.Build.0 = Debug|x64
		{52B424D4-0EF3-48D3-A011-0EC0644ED939}.Debug|x86.ActiveCfg = Debug|Win32
		{52B424D4-0EF3-48D3-A011-0EC0644ED939}.Debug|x86.Build.0 = Debug|Win32
		{52B424D4-0EF3-48D3-A011-0EC0644ED939}.Release|x64.ActiveCfg = Release|x64
		{52B424D4-0EF3-48D3-A011-0EC0644ED939}.Release|x64.Build.0 = Release|x64
		{52B424D4-0EF3-48D3-A011-0EC0644ED939}.Release|x86.ActiveCfg = Release|Win32
		{52B424D4-0EF3-48D3-A011-0EC0644ED939}.Release|x86.Build.0 = Release|Win32
		{CCA55924-A60F-4DDD-A85E-2D2D09E36FF2}.Debug|x64.ActiveCfg = Debug|x64
		{CCA55924-A60F-4DDD-A85E-2D2D09E36FF2}.Debug|x64.Build.0 = Debug|x64
		{CCA55924-A60F-4DDD-A85E-2D2D09E36FF2}.Debug|x86.ActiveCfg = Debug|Win32
		{CCA55924-A60F-4DDD-A85E-2D2D09E36FF2}.Debug|x86.Build.0 = Debug|Win32
		{CCA55924-A60F-4DDD-A85E-2D2D09E36FF2}.Release|x64.ActiveCfg = Release|x64
		{CCA55924-A60F-4DDD-A85E-2D2D09E36FF2}.Release|x64.Build.0 = Release|x64
		{CCA55924-A60F-4DDD-A85E-2D2D09E36FF2}.Release|x86.ActiveCfg = Release|Win32
		{CCA55924-A60F-4DDD-A85E-2D2D09E36FF2}.Release|x86.Build.0 = Release|Win32
		{1283C44C-51A0-429C-92E5-FC260CECFA67}.Debug|x64.ActiveCfg = Debug|x64
		{1283C44C-51A0-429C-92E5-FC260CECFA67}.Debug|x64.Build.0 = Debug|x64
		{1283C44C-51A0-429C-92E5-FC260CECFA67}.Debug|x86.ActiveCfg = Debug|Win32
		{1283C44C-51A0-429C-92E5-FC260CECFA67}.Debug|x86.Build.0 = Debug|Win32
		{1283C44C-51A0-429C-92E5-FC260CECFA67}.Release|x64.ActiveCfg = Release|x64
		{1283C44C-51A0-429C-92E5-FC260CECFA67}.Release|x64.Build.0 = Release|x64
		{1283C44C-51A0-429C-92E5-FC260CECFA67}.Release|x86.ActiveCfg = Release|Win32
		{1283C44C-51A0-429C-92E5-FC260CECFA67}.Release|x86.Build.0 = Release|Win32
		{C1E8BE5D-AE38-4BEF-9EEF-E22825770736}.Debug|x64.ActiveCfg = Debug|x64
		{C1E8BE5D-AE38-4BEF-9EEF-E22825770736}.Debug|x64.Build.0 = Debug|x64
		{C1E8BE5D-AE38-4BEF-9EEF-E22825770736}.Debug|x86.ActiveCfg = Debug|Win32
		{C1E8BE5D-AE38-4BEF-9EEF-E22825770736}.Debug|x86.Build.0 = Debug|Win32
		{C1E8BE5D-AE38-4BEF-9EEF-E22825770736}.Release|x64.ActiveCfg = Release|x64
		{C1E8BE5D-AE38-4BEF-9EEF-E22825770736}.Release|x64.Build.0 = Release|x64
		{C1E8BE5D-AE38-4BEF-9EEF-E22825770736}.Release|x86.ActiveCfg = Release|Win32
		{C1E8BE5D-AE38-4BEF-9EEF-E22825770736}.Release|x86.Build.0 = Release|Win32
		{DAA4AA34-9B3E-46E1-BD3F-05707A69D6A4}.Debug|x64.ActiveCfg = Debug|x64
		{DAA4AA34-9B3E-46E1-BD3F-05707A69D6A4}.Debug|x64.Build.0 = Debug|x64
		{DAA4AA34-9B3E-46E1-BD3F-05707A69D6A4}.Debug|x86.ActiveCfg = Debug|Win32
		{DAA4AA34-9B3E-46E1-BD3F-05707A69D6A4}.Debug|x86.Build.0 = Debug|Win32
		{DAA4AA34-9B3E-46E1-BD3F-05707A69D6A4}.Release|x64.ActiveCfg = Release|x64
		{DAA4AA34-9B3E-46E1-BD3F-05707A69D6A4}.Release|x64.Build.0 = Release|x64
		{DAA4AA34-9B3E-46E1-BD3F-05707A69D6A4}.Release|x86.ActiveCfg = Release|Win32
		{DAA4AA34-9B3E-46E1-BD3F-05707A69D6A4}.Release|x86.Build.0 = Release|Win32
		{DDC56E3D-D067-47E1-AA30-560E0D528FF1}.Debug|x64.ActiveCfg = Debug|x64
		{DDC56E3D-D067-47E1-AA30-560E0D528FF1}.Debug|x64.Build.0 = Debug|x64
		{DDC56E3D-D067-47E1-AA30-560E0D528FF1}.Debug|x86.ActiveCfg = Debug|Win32
		{DDC56E3D-D067-47E1-AA30-560E0D528FF1}.Debug|x86.Build.0 = Debug|Win32
		{DDC56E3D-D067-47E1-AA30-560E0D528FF1}.Release|x64.ActiveCfg = Release|x64
		{DDC56E3D-D067-47E1-AA30-560E0D528FF1}.Release|x64.Build.0 = Release|x64
		{DDC56E3D-D067-47E1-AA30-560E0D528FF1}.Release|x86.ActiveCfg = Release|Win32
		{DDC56E3D-D067-47E1-AA30-560E0D528FF1}.Release|x86.Build.0 = Release|Win32
		{301B14B0-7C67-49F7-8785-72C6908BD6E9}.Debug|x64.ActiveCfg = Debug|x64
		{301B14B0-7C67-49F7-8785-72C6908BD6E9}.Debug|x64.Build.0 = Debug|x64
		{301B14B0-7C67-49F7-8785-72C6908BD6E9}.Debug|x86.ActiveCfg = Debug|Win32
		{301B14B0-7C67-49F7-8785-72C6908BD6E9}.Debug|x86.Build.0 = Debug|Win32
		{301B14B0-7C67-49F7-8785-72C6908BD6E9}.Release|x64.ActiveCfg = Release|x64
		{301B14B0-7C67-49F7-8785-72C6908BD6E9}.Release|x64.Build.0 = Release|x64
		{301B14B0-7C67-49F7-8785-72C6908BD6E9}.Release|x86.ActiveCfg = Release|Win32
		{301B14B0-7C67-49F7-8785-72C6908BD6E9}.Release|x86.Build.0 = Release|Win32
		{9AFE0D03-F680-4F8B-91BE-F0F086DCD212}.Debug|x64.ActiveCfg = Debug|x64
		{9AFE0D03-F680-4F8B-91BE-F0F086DCD212}.Debug|x64.Build.0 = Debug|x64
		{9AFE0D03-F680-4F8B-91BE-F0F086DCD212}.Debug|x86.ActiveCfg = Debug|Win32
		{9AFE0D03-F680-4F8B-91BE-F0F086DCD212}.Debug|x86.Build.0 = Debug|Win32
		{9AFE0D03-F680-4F8B-91BE-F0F086DCD212}.Release|x64.ActiveCfg = Release|x64
		{9AFE0D03-F680-4F8B-91BE-F0F086DCD212}.Release|x64.Build.0 = Release|x64
		{9AFE0D03-F680-4F8B-91BE-F0F086DCD212}.Release|x86.ActiveCfg = Release|Win32
		{9AFE0D03-F680-4F8B-91BE-F0F086DCD212}.Release|x86.Build.0 = Release|Win32
		{04AF1FC1-877D-4369-931B-1AA3796EAB38}.Debug|x64.ActiveCfg = Debug|x64
		{04AF1FC1-877D-4369-931B-1AA3796EAB38}.Debug|x64.Build.0 = Debug|x64
		{04AF1FC1-877D-4369-931B-1AA3796EAB38}.Debug|x86.ActiveCfg = Debug|Win32
		{04AF1FC1-877D-4369-931B-1AA3796EAB38}.Debug|x86.Build.0 = Debug|Win32
		{04AF1FC1-877D-4369-931B-1AA3796EAB38}.Release|x64.ActiveCfg = Release|x64
		{04AF1FC1-877D-4369-931B-1AA3796EAB38}.Release|x64.Build.0 = Release|x64
		{04AF1FC1-877D-4369-931B-1AA3796EAB38}.Release|x86.ActiveCfg = Release|Win32
		{04AF1FC1-877D-4369-931B-1AA3796EAB38}.Release|x86.Build.0 = Release|Win32
		{0FAEA824-D5E4-4FE7-A121-EF3B94C96132}.Debug|x64.ActiveCfg = Debug|x64
		{0FAEA824-D5E4-4FE7-A121-EF3B94C96132}.Debug|x64.Build.0 = Debug|x64
		{0FAEA824-D5E4-4FE7-A121-EF3B94C96132}.Debug|x86.ActiveCfg = Debug|Win32
		{0FAEA824-D5E4-4FE7-A121-EF3B94C96132}.Debug|x86.Build.0 = Debug|Win32
		{0FAEA824-D5E4-4FE7-A121-EF3B94C96132}.Release|x64.ActiveCfg = Release|x64
		{0FAEA824-D5E4-4FE7-A121-EF3B94C96132}.Release|x64.Build.0 = Release|x64
		{0FAEA824-D5E4-4FE7-A121-EF3B94C96132}.Release|x86.ActiveCfg = Release|Win32
		{0FAEA824-D5E4-4FE7-A121-EF3B94C96132}.Release|x86.Build.0 = Release|Win32
		{14482469-7BFD-4701-9EAC-77EDD1D17E0A}.Debug|x64.ActiveCfg = Debug|x64
		{14482469-7BFD-4701-9EAC-77EDD1D17E0A}.Debug|x64.Build.0 = Debug|x64
		{14482469-7BFD-4701-9EAC-77EDD1D17E0A}.Debug|x86.ActiveCfg = Debug|Win32
		{14482469-7BFD-4701-9EAC-77EDD1D17E0A}.Debug|x86.Build.0 = Debug|Win32
		{14482469-7BFD-4701-9EAC-77EDD1D17E0A}.Release|x64.ActiveCfg = Release|x64
		{14482469-7BFD-4701-9EAC-77EDD1D17E0A}.Release|x64.Build.0 = Release|x64
		{14482469-7BFD-4701-9EAC-77EDD1D17E0A}.Release|x86.ActiveCfg = Release|Win32
		{14482469-7BFD-4701-9EAC-77EDD1D17E0A}.Release|x86.Build.0 = Release|Win32
		{0297589D-7030-44B9-B821-E87D194A0E85}.Debug|x64.ActiveCfg = Debug|x64
		{0297589D-7030-44B9-B821-E87D194A0E85}.Debug|x64.Build.0 = Debug|x64
		{0297589D-7030-44B9-B821-E87D194A0E85}.Debug|x86.ActiveCfg = Debug|Win32
		{0297589D-7030-44B9-B821-E87D194A0E85}.Debug|x86.Build.0 = Debug|Win32
		{0297589D-7030-44B9-B821-E87D194A0E85}.Release|x64.ActiveCfg = Release|x64
		{0297589D-7030-44B9-B821-E87D194A0E85}.Release|x64.Build.0 = Release|x64
		{0297589D-7030-44B9-B821-E87D194A0E85}.Release|x86.ActiveCfg = Release|Win32
		{0297589D-7030-44B9-B821-E87D194A0E85}.Release|x86.Build.0 = Release|Win32
		{7C599E42-7712-4624-9AB7-0EE0D161A89C}.Debug|x64.ActiveCfg = Debug|x64
		{7C599E42-7712-4624-9AB7-0EE0D161A89C}.Debug|x64.Build.0 = Debug|x64
		{7C599E42-7712-4624-9AB7-0EE0D161A89C}.Debug|x86.ActiveCfg = Debug|Win32
		{7C599E42-7712-4624-9AB7-0EE0D161A89C}.Debug|x86.Build.0 = Debug|Win32
		{7C599E42-7712-4624-9AB7-0EE0D161A89C}.Release|x64.ActiveCfg = Release|x64
		{7C599E42-7712-4624-9AB7-0EE0D161A89C}.Release|x64.Build.0 = Release|x64
		{7C599E42-7712-4624-9AB7-0EE0D161A89C}.Release|x86.ActiveCfg = Release|Win32
		{7C599E42-7712-4624-9AB7-0EE0D161A89C}.Release|x86.Build.0 = Release|Win32
		{50B702C6-DB65-4BDB-A36B-22129FBD64C1}.Debug|x64.ActiveCfg = Debug|x64
		{50B702C6-DB65-4BDB-A36B-22129FBD64C1}.Debug|x64.Build.0 = Debug|x64
		{50B702C6-DB65-4BDB-A36B-22129FBD64C1}.Debug|x86.ActiveCfg = Debug|Win32
		{50B702C6-DB65-4BDB-A36B-22129FBD64C1}.Debug|x86.Build.0 = Debug|Win32
		{50B702C6-DB65-4BDB-A36B-22129FBD64C1}.Release|x64.ActiveCfg = Release|x64
		{50B702C6-DB65-4BDB-A36B-22129FBD64C1}.Release|x64.Build.0 = Release|x64
		{50B702C6-DB65-4BDB-A36B-22129FBD64C1}.Release|x86.ActiveCfg = Release|Win32
		{50B702C6-DB65-4BDB-A36B-22129FBD64C1}.Release|x86.Build.0 = Release|Win32
		{ED9A2210-C7A4-4132-B1F5-4CFA02034B96}.Debug|x64.ActiveCfg = Debug|x64
		{ED9A2210-C7A4-4132-B1F5-4CFA02034B96}.Debug|x64.Build.0 = Debug|x64
		{ED9A2210-C7A4-4132-B1F5-4CFA02034B96}.Debug|x86.ActiveCfg = Debug|Win32
		{ED9A2210-C7A4-4132-B1F5-4CFA02034B96}.Debug|x86.Build.0 = Debug|Win32
		{ED9A2210-C7A4-4132-B1F5-4CFA02034B96}.Release|x64.ActiveCfg = Release|x64
		{ED9A2210-C7A4-4132-B1F5-4CFA02034B96}.Release|x64.Build.0 = Release|x64
		{ED9A2210-C7A4-4132-B1F5-4CFA02034B96}.Release|x86.ActiveCfg = Release|Win32
		{ED9A2210-C7A4-4132-B1F5-4CFA02034B96}.Release|x86.Build.0 = Release|Win32
		{BD8DB8EA-1467-442A-B5B2-848D223501AB}.Debug|x64.ActiveCfg = Debug|x64
		{BD8DB8EA-1467-442A-B5B2-848D223501AB}.Debug|x64.Build.0 = Debug|x64
		{BD8DB8EA-1467-442A-B5B2-848D223501AB}.Debug|x86.ActiveCfg = Debug|Win32
		{BD8DB8EA-1467-442A-B5B2-848D223501AB}.Debug|x86.Build.0 = Debug|Win32
		{BD8DB8EA-1467-442A-B5B2-848D223501AB}.Release|x64.ActiveCfg = Release|x64
		{BD8DB8EA-1467-442A-B5B2-848D223501AB}.Release|x64.Build.0 = Release|x64
		{BD8DB8EA-1467-442A-B5B2-848D223501AB}.Release|x86.ActiveCfg = Release|Win32
		{BD8DB8EA-1467-442A-B5B2-848D223501AB}.Release|x86.Build.0 = Release|Win32
		{20329773-5949-42A5-B219-63055F2601BD}.Debug|x64.ActiveCfg = Debug|x64
		{20329773-5949-42A5-B219-63055F2601BD}.Debug|x64.Build.0 = Debug|x64
		{20329773-5949-42A5-B219-63055F2601BD}.Debug|x86.ActiveCfg = Debug|Win32
		{20329773-5949-42A5-B219-63055F2601BD}.Debug|x86.Build.0 = Debug|Win32
		{20329773-5949-42A5-B219-63055F2601BD}.Release|x64.ActiveCfg = Release|x64
		{20329773-5949-42A5-B219-63055F2601BD}.Release|x64.Build.0 = Release|x64
		{20329773-5949-42A5-B219-63055F2601BD}.Release|x86.ActiveCfg = Release|Win32
		{20329773-5949-42A5-B219-63055F2601BD}.Release|x86.Build.0 = Release|Win32
	EndGlobalSection
	GlobalSection(SolutionProperties) = preSolution
		HideSolutionNode = FALSE
	EndGlobalSection
	GlobalSection(NestedProjects) = preSolution
		{FDBAE7E8-ECA6-4E63-8F97-FEE9418BE405} = {4BBA48A3-991F-4828-811F-91F3B7DEFF95}
		{6419A522-13E2-4AA9-A06D-24DAA31CF651} = {4BBA48A3-991F-4828-811F-91F3B7DEFF95}
		{EEC82A3B-DAAA-470B-B810-EBCB1EC9A2FA} = {4BBA48A3-991F-4828-811F-91F3B7DEFF95}
		{69476BED-4893-4400-8C33-7196F7578CB1} = {4BBA48A3-991F-4828-811F-91F3B7DEFF95}
		{B1E0B3E3-DA72-4D11-9B41-29A80F5658E7} = {4BBA48A3-991F-4828-811F-91F3B7DEFF95}
		{14CF2355-F06B-461D-B351-8376743D43A9} = {4BBA48A3-991F-4828-811F-91F3B7DEFF95}
		{5A07BC1E-0BB0-436C-9DFB-71AD4E33E960} = {4BBA48A3-991F-4828-811F-91F3B7DEFF95}
		{0D155230-1282-4BCC-B2EC-BE3A677FBD3F} = {4BBA48A3-991F-4828-811F-91F3B7DEFF95}
		{E7440701-B2D7-421D-8912-D377EDD0D709} = {4BBA48A3-991F-4828-811F-91F3B7DEFF95}
		{90FB9E5D-C9C0-4668-A685-3C7AE55E8B91} = {4BBA48A3-991F-4828-811F-91F3B7DEFF95}
		{D6691EBD-BC3F-43A4-8753-2398DE297F2F} = {4BBA48A3-991F-4828-811F-91F3B7DEFF95}
		{CCC0DDBB-B8C8-4EC8-9D78-819C032126E0} = {4BBA48A3-991F-4828-811F-91F3B7DEFF95}
		{B3103F0D-0BF4-4E43-A51E-7A95C718EA24} = {4BBA48A3-991F-4828-811F-91F3B7DEFF95}
		{994F3997-B280-4606-AE3E-4380DBF9BA2A} = {C5DD68A3-175D-4467-8187-C1CC4F3DCE24}
		{52B424D4-0EF3-48D3-A011-0EC0644ED939} = {C5DD68A3-175D-4467-8187-C1CC4F3DCE24}
		{CCA55924-A60F-4DDD-A85E-2D2D09E36FF2} = {C5DD68A3-175D-4467-8187-C1CC4F3DCE24}
		{1283C44C-51A0-429C-92E5-FC260CECFA67} = {C5DD68A3-175D-4467-8187-C1CC4F3DCE24}
		{C1E8BE5D-AE38-4BEF-9EEF-E22825770736} = {C5DD68A3-175D-4467-8187-C1CC4F3DCE24}
		{DAA4AA34-9B3E-46E1-BD3F-05707A69D6A4} = {C5DD68A3-175D-4467-8187-C1CC4F3DCE24}
		{301B14B0-7C67-49F7-8785-72C6908BD6E9} = {C5DD68A3-175D-4467-8187-C1CC4F3DCE24}
		{9AFE0D03-F680-4F8B-91BE-F0F086DCD212} = {C5DD68A3-175D-4467-8187-C1CC4F3DCE24}
		{04AF1FC1-877D-4369-931B-1AA3796EAB38} = {C5DD68A3-175D-4467-8187-C1CC4F3DCE24}
		{0FAEA824-D5E4-4FE7-A121-EF3B94C96132} = {C5DD68A3-175D-4467-8187-C1CC4F3DCE24}
		{14482469-7BFD-4701-9EAC-77EDD1D17E0A} = {C5DD68A3-175D-4467-8187-C1CC4F3DCE24}
		{0297589D-7030-44B9-B821-E87D194A0E85} = {EB9F3230-16F8-45FF-B745-26D3CB35FFFC}
		{7C599E42-7712-4624-9AB7-0EE0D161A89C} = {EB9F3230-16F8-45FF-B745-26D3CB35FFFC}
		{50B702C6-DB65-4BDB-A36B-22129FBD64C1} = {EB9F3230-16F8-45FF-B745-26D3CB35FFFC}
		{ED9A2210-C7A4-4132-B1F5-4CFA02034B96} = {EB9F3230-16F8-45FF-B745-26D3CB35FFFC}
		{20329773-5949-42A5-B219-63055F2601BD} = {EB9F3230-16F8-45FF-B745-26D3CB35FFFC}
	EndGlobalSection
	GlobalSection(ExtensibilityGlobals) = postSolution
		SolutionGuid = {357439C1-BEED-410A-BF27-FDCAC142267B}
	EndGlobalSection
EndGlobal
